// !$*UTF8*$!
{
	archiveVersion = 1;
	classes = {
	};
	objectVersion = 50;
	objects = {

/* Begin PBXBuildFile section */
		162C475D25E7EB6100956A15 /* BGMPlayerComponent.cpp in Sources */ = {isa = PBXBuildFile; fileRef = 162C475B25E7EB6100956A15 /* BGMPlayerComponent.cpp */; };
		162C476125E7EB7F00956A15 /* iOSBGMPlayer.mm in Sources */ = {isa = PBXBuildFile; fileRef = 162C475F25E7EB7F00956A15 /* iOSBGMPlayer.mm */; };
		162C476525E7EB9600956A15 /* MP3SoundProvider.cpp in Sources */ = {isa = PBXBuildFile; fileRef = 162C476325E7EB9600956A15 /* MP3SoundProvider.cpp */; };
		16C3DC952614BBF600F110AC /* OboePlatformCompat.cpp in Sources */ = {isa = PBXBuildFile; fileRef = 16C3DC932614BBF600F110AC /* OboePlatformCompat.cpp */; };
		16F26A3B25E6B7A700C1530C /* SoundMixerComponent.cpp in Sources */ = {isa = PBXBuildFile; fileRef = 16F26A3A25E6B7A700C1530C /* SoundMixerComponent.cpp */; };
		16F26A4C25E6B7EF00C1530C /* OpenALSoundMixer.cpp in Sources */ = {isa = PBXBuildFile; fileRef = 16F26A4325E6B7EE00C1530C /* OpenALSoundMixer.cpp */; };
		16F26A4D25E6B7EF00C1530C /* OpenALSoundPlayingContext.cpp in Sources */ = {isa = PBXBuildFile; fileRef = 16F26A4525E6B7EF00C1530C /* OpenALSoundPlayingContext.cpp */; };
		16F26A4E25E6B7EF00C1530C /* OpenALLoopingSoundPlayingContext.cpp in Sources */ = {isa = PBXBuildFile; fileRef = 16F26A4625E6B7EF00C1530C /* OpenALLoopingSoundPlayingContext.cpp */; };
		16F26A4F25E6B7EF00C1530C /* OpenALCommon.cpp in Sources */ = {isa = PBXBuildFile; fileRef = 16F26A4825E6B7EF00C1530C /* OpenALCommon.cpp */; };
		16F26A5025E6B7EF00C1530C /* OpenALBufferedSoundPlayingContext.cpp in Sources */ = {isa = PBXBuildFile; fileRef = 16F26A4925E6B7EF00C1530C /* OpenALBufferedSoundPlayingContext.cpp */; };
		16F26A5525E6B80000C1530C /* _OpenALSourceReleasingContext.cpp in Sources */ = {isa = PBXBuildFile; fileRef = 16F26A5325E6B80000C1530C /* _OpenALSourceReleasingContext.cpp */; };
		16F26A5B25E6B81100C1530C /* SoundTypes.cpp in Sources */ = {isa = PBXBuildFile; fileRef = 16F26A5A25E6B81100C1530C /* SoundTypes.cpp */; };
		16F26A6825E6B82600C1530C /* LoopHoldSoundProvider.cpp in Sources */ = {isa = PBXBuildFile; fileRef = 16F26A5F25E6B82500C1530C /* LoopHoldSoundProvider.cpp */; };
		16F26A6925E6B82600C1530C /* WavSoundProvider.cpp in Sources */ = {isa = PBXBuildFile; fileRef = 16F26A6125E6B82600C1530C /* WavSoundProvider.cpp */; };
		16F26A6A25E6B82600C1530C /* BakedSoundProvider.cpp in Sources */ = {isa = PBXBuildFile; fileRef = 16F26A6225E6B82600C1530C /* BakedSoundProvider.cpp */; };
		16F26A6B25E6B82600C1530C /* OggSoundProvider.cpp in Sources */ = {isa = PBXBuildFile; fileRef = 16F26A6425E6B82600C1530C /* OggSoundProvider.cpp */; };
		16F26A6C25E6B82600C1530C /* TestSoundProviders.cpp in Sources */ = {isa = PBXBuildFile; fileRef = 16F26A6525E6B82600C1530C /* TestSoundProviders.cpp */; };
		16F26A7C25E6B8B100C1530C /* iOSPlatformSound.mm in Sources */ = {isa = PBXBuildFile; fileRef = 16F26A7B25E6B8B100C1530C /* iOSPlatformSound.mm */; };
/* End PBXBuildFile section */

/* Begin PBXCopyFilesBuildPhase section */
		1673E57E25B7112D0018667D /* CopyFiles */ = {
			isa = PBXCopyFilesBuildPhase;
			buildActionMask = 2147483647;
			dstPath = "include/$(PRODUCT_NAME)";
			dstSubfolderSpec = 16;
			files = (
			);
			runOnlyForDeploymentPostprocessing = 0;
		};
/* End PBXCopyFilesBuildPhase section */

/* Begin PBXFileReference section */
		162C475A25E7EB5400956A15 /* IBGMPlayingHandle.h */ = {isa = PBXFileReference; lastKnownFileType = sourcecode.c.h; name = IBGMPlayingHandle.h; path = Common/IBGMPlayingHandle.h; sourceTree = "<group>"; };
		162C475B25E7EB6100956A15 /* BGMPlayerComponent.cpp */ = {isa = PBXFileReference; fileEncoding = 4; lastKnownFileType = sourcecode.cpp.cpp; path = BGMPlayerComponent.cpp; sourceTree = "<group>"; };
		162C475C25E7EB6100956A15 /* BGMPlayerComponent.h */ = {isa = PBXFileReference; fileEncoding = 4; lastKnownFileType = sourcecode.c.h; path = BGMPlayerComponent.h; sourceTree = "<group>"; };
		162C475F25E7EB7F00956A15 /* iOSBGMPlayer.mm */ = {isa = PBXFileReference; fileEncoding = 4; lastKnownFileType = sourcecode.cpp.objcpp; name = iOSBGMPlayer.mm; path = Platform/iOSBGMPlayer.mm; sourceTree = "<group>"; };
		162C476025E7EB7F00956A15 /* iOSBGMPlayer.h */ = {isa = PBXFileReference; fileEncoding = 4; lastKnownFileType = sourcecode.c.h; name = iOSBGMPlayer.h; path = Platform/iOSBGMPlayer.h; sourceTree = "<group>"; };
		162C476325E7EB9600956A15 /* MP3SoundProvider.cpp */ = {isa = PBXFileReference; fileEncoding = 4; lastKnownFileType = sourcecode.cpp.cpp; name = MP3SoundProvider.cpp; path = Provider/MP3SoundProvider.cpp; sourceTree = "<group>"; };
		162C476425E7EB9600956A15 /* MP3SoundProvider.h */ = {isa = PBXFileReference; fileEncoding = 4; lastKnownFileType = sourcecode.c.h; name = MP3SoundProvider.h; path = Provider/MP3SoundProvider.h; sourceTree = "<group>"; };
		1673E58025B7112D0018667D /* libLMSound.a */ = {isa = PBXFileReference; explicitFileType = archive.ar; includeInIndex = 0; path = libLMSound.a; sourceTree = BUILT_PRODUCTS_DIR; };
		16C3DC932614BBF600F110AC /* OboePlatformCompat.cpp */ = {isa = PBXFileReference; fileEncoding = 4; lastKnownFileType = sourcecode.cpp.cpp; name = OboePlatformCompat.cpp; path = OboeBackend/OboePlatformCompat.cpp; sourceTree = "<group>"; };
		16C3DC942614BBF600F110AC /* OboeCommon.h */ = {isa = PBXFileReference; fileEncoding = 4; lastKnownFileType = sourcecode.c.h; name = OboeCommon.h; path = OboeBackend/OboeCommon.h; sourceTree = "<group>"; };
		16F26A3925E6B7A700C1530C /* SoundMixerComponent.h */ = {isa = PBXFileReference; fileEncoding = 4; lastKnownFileType = sourcecode.c.h; path = SoundMixerComponent.h; sourceTree = "<group>"; };
		16F26A3A25E6B7A700C1530C /* SoundMixerComponent.cpp */ = {isa = PBXFileReference; fileEncoding = 4; lastKnownFileType = sourcecode.cpp.cpp; path = SoundMixerComponent.cpp; sourceTree = "<group>"; };
		16F26A4225E6B7EE00C1530C /* OpenALBufferedSoundPlayingContext.h */ = {isa = PBXFileReference; fileEncoding = 4; lastKnownFileType = sourcecode.c.h; name = OpenALBufferedSoundPlayingContext.h; path = OpenALBackend/OpenALBufferedSoundPlayingContext.h; sourceTree = "<group>"; };
		16F26A4325E6B7EE00C1530C /* OpenALSoundMixer.cpp */ = {isa = PBXFileReference; fileEncoding = 4; lastKnownFileType = sourcecode.cpp.cpp; name = OpenALSoundMixer.cpp; path = OpenALBackend/OpenALSoundMixer.cpp; sourceTree = "<group>"; };
		16F26A4425E6B7EE00C1530C /* OpenALCommon.h */ = {isa = PBXFileReference; fileEncoding = 4; lastKnownFileType = sourcecode.c.h; name = OpenALCommon.h; path = OpenALBackend/OpenALCommon.h; sourceTree = "<group>"; };
		16F26A4525E6B7EF00C1530C /* OpenALSoundPlayingContext.cpp */ = {isa = PBXFileReference; fileEncoding = 4; lastKnownFileType = sourcecode.cpp.cpp; name = OpenALSoundPlayingContext.cpp; path = OpenALBackend/OpenALSoundPlayingContext.cpp; sourceTree = "<group>"; };
		16F26A4625E6B7EF00C1530C /* OpenALLoopingSoundPlayingContext.cpp */ = {isa = PBXFileReference; fileEncoding = 4; lastKnownFileType = sourcecode.cpp.cpp; name = OpenALLoopingSoundPlayingContext.cpp; path = OpenALBackend/OpenALLoopingSoundPlayingContext.cpp; sourceTree = "<group>"; };
		16F26A4725E6B7EF00C1530C /* OpenALLoopingSoundPlayingContext.h */ = {isa = PBXFileReference; fileEncoding = 4; lastKnownFileType = sourcecode.c.h; name = OpenALLoopingSoundPlayingContext.h; path = OpenALBackend/OpenALLoopingSoundPlayingContext.h; sourceTree = "<group>"; };
		16F26A4825E6B7EF00C1530C /* OpenALCommon.cpp */ = {isa = PBXFileReference; fileEncoding = 4; lastKnownFileType = sourcecode.cpp.cpp; name = OpenALCommon.cpp; path = OpenALBackend/OpenALCommon.cpp; sourceTree = "<group>"; };
		16F26A4925E6B7EF00C1530C /* OpenALBufferedSoundPlayingContext.cpp */ = {isa = PBXFileReference; fileEncoding = 4; lastKnownFileType = sourcecode.cpp.cpp; name = OpenALBufferedSoundPlayingContext.cpp; path = OpenALBackend/OpenALBufferedSoundPlayingContext.cpp; sourceTree = "<group>"; };
		16F26A4A25E6B7EF00C1530C /* OpenALSoundPlayingContext.h */ = {isa = PBXFileReference; fileEncoding = 4; lastKnownFileType = sourcecode.c.h; name = OpenALSoundPlayingContext.h; path = OpenALBackend/OpenALSoundPlayingContext.h; sourceTree = "<group>"; };
		16F26A4B25E6B7EF00C1530C /* OpenALSoundMixer.h */ = {isa = PBXFileReference; fileEncoding = 4; lastKnownFileType = sourcecode.c.h; name = OpenALSoundMixer.h; path = OpenALBackend/OpenALSoundMixer.h; sourceTree = "<group>"; };
		16F26A5325E6B80000C1530C /* _OpenALSourceReleasingContext.cpp */ = {isa = PBXFileReference; fileEncoding = 4; lastKnownFileType = sourcecode.cpp.cpp; name = _OpenALSourceReleasingContext.cpp; path = OpenALBackend/_Internal/_OpenALSourceReleasingContext.cpp; sourceTree = "<group>"; };
		16F26A5425E6B80000C1530C /* _OpenALSourceReleasingContext.h */ = {isa = PBXFileReference; fileEncoding = 4; lastKnownFileType = sourcecode.c.h; name = _OpenALSourceReleasingContext.h; path = OpenALBackend/_Internal/_OpenALSourceReleasingContext.h; sourceTree = "<group>"; };
		16F26A5725E6B81100C1530C /* SoundPlayingContext.h */ = {isa = PBXFileReference; fileEncoding = 4; lastKnownFileType = sourcecode.c.h; name = SoundPlayingContext.h; path = Common/SoundPlayingContext.h; sourceTree = "<group>"; };
		16F26A5825E6B81100C1530C /* ISoundPlayingHandle.h */ = {isa = PBXFileReference; fileEncoding = 4; lastKnownFileType = sourcecode.c.h; name = ISoundPlayingHandle.h; path = Common/ISoundPlayingHandle.h; sourceTree = "<group>"; };
		16F26A5925E6B81100C1530C /* SoundTypes.h */ = {isa = PBXFileReference; fileEncoding = 4; lastKnownFileType = sourcecode.c.h; name = SoundTypes.h; path = Common/SoundTypes.h; sourceTree = "<group>"; };
		16F26A5A25E6B81100C1530C /* SoundTypes.cpp */ = {isa = PBXFileReference; fileEncoding = 4; lastKnownFileType = sourcecode.cpp.cpp; name = SoundTypes.cpp; path = Common/SoundTypes.cpp; sourceTree = "<group>"; };
		16F26A5D25E6B82500C1530C /* TestSoundProviders.h */ = {isa = PBXFileReference; fileEncoding = 4; lastKnownFileType = sourcecode.c.h; name = TestSoundProviders.h; path = Provider/TestSoundProviders.h; sourceTree = "<group>"; };
		16F26A5E25E6B82500C1530C /* ISoundProvider.h */ = {isa = PBXFileReference; fileEncoding = 4; lastKnownFileType = sourcecode.c.h; name = ISoundProvider.h; path = Provider/ISoundProvider.h; sourceTree = "<group>"; };
		16F26A5F25E6B82500C1530C /* LoopHoldSoundProvider.cpp */ = {isa = PBXFileReference; fileEncoding = 4; lastKnownFileType = sourcecode.cpp.cpp; name = LoopHoldSoundProvider.cpp; path = Provider/LoopHoldSoundProvider.cpp; sourceTree = "<group>"; };
		16F26A6025E6B82600C1530C /* BakedSoundProvider.h */ = {isa = PBXFileReference; fileEncoding = 4; lastKnownFileType = sourcecode.c.h; name = BakedSoundProvider.h; path = Provider/BakedSoundProvider.h; sourceTree = "<group>"; };
		16F26A6125E6B82600C1530C /* WavSoundProvider.cpp */ = {isa = PBXFileReference; fileEncoding = 4; lastKnownFileType = sourcecode.cpp.cpp; name = WavSoundProvider.cpp; path = Provider/WavSoundProvider.cpp; sourceTree = "<group>"; };
		16F26A6225E6B82600C1530C /* BakedSoundProvider.cpp */ = {isa = PBXFileReference; fileEncoding = 4; lastKnownFileType = sourcecode.cpp.cpp; name = BakedSoundProvider.cpp; path = Provider/BakedSoundProvider.cpp; sourceTree = "<group>"; };
		16F26A6325E6B82600C1530C /* WavSoundProvider.h */ = {isa = PBXFileReference; fileEncoding = 4; lastKnownFileType = sourcecode.c.h; name = WavSoundProvider.h; path = Provider/WavSoundProvider.h; sourceTree = "<group>"; };
		16F26A6425E6B82600C1530C /* OggSoundProvider.cpp */ = {isa = PBXFileReference; fileEncoding = 4; lastKnownFileType = sourcecode.cpp.cpp; name = OggSoundProvider.cpp; path = Provider/OggSoundProvider.cpp; sourceTree = "<group>"; };
		16F26A6525E6B82600C1530C /* TestSoundProviders.cpp */ = {isa = PBXFileReference; fileEncoding = 4; lastKnownFileType = sourcecode.cpp.cpp; name = TestSoundProviders.cpp; path = Provider/TestSoundProviders.cpp; sourceTree = "<group>"; };
		16F26A6625E6B82600C1530C /* LoopHoldSoundProvider.h */ = {isa = PBXFileReference; fileEncoding = 4; lastKnownFileType = sourcecode.c.h; name = LoopHoldSoundProvider.h; path = Provider/LoopHoldSoundProvider.h; sourceTree = "<group>"; };
		16F26A6725E6B82600C1530C /* OggSoundProvider.h */ = {isa = PBXFileReference; fileEncoding = 4; lastKnownFileType = sourcecode.c.h; name = OggSoundProvider.h; path = Provider/OggSoundProvider.h; sourceTree = "<group>"; };
		16F26A7B25E6B8B100C1530C /* iOSPlatformSound.mm */ = {isa = PBXFileReference; fileEncoding = 4; lastKnownFileType = sourcecode.cpp.objcpp; name = iOSPlatformSound.mm; path = Platform/iOSPlatformSound.mm; sourceTree = "<group>"; };
/* End PBXFileReference section */

/* Begin PBXFrameworksBuildPhase section */
		1673E57D25B7112D0018667D /* Frameworks */ = {
			isa = PBXFrameworksBuildPhase;
			buildActionMask = 2147483647;
			files = (
			);
			runOnlyForDeploymentPostprocessing = 0;
		};
/* End PBXFrameworksBuildPhase section */

/* Begin PBXGroup section */
		1673E57725B7112D0018667D = {
			isa = PBXGroup;
			children = (
				16F26A4025E6B7C100C1530C /* Backend */,
				16F26A3F25E6B7BB00C1530C /* Common */,
				16F26A3E25E6B7B500C1530C /* Platform */,
				16F26A3D25E6B7AE00C1530C /* Provider */,
				162C475B25E7EB6100956A15 /* BGMPlayerComponent.cpp */,
				162C475C25E7EB6100956A15 /* BGMPlayerComponent.h */,
				16F26A3A25E6B7A700C1530C /* SoundMixerComponent.cpp */,
				16F26A3925E6B7A700C1530C /* SoundMixerComponent.h */,
				1673E58125B7112D0018667D /* Products */,
			);
			sourceTree = "<group>";
		};
		1673E58125B7112D0018667D /* Products */ = {
			isa = PBXGroup;
			children = (
				1673E58025B7112D0018667D /* libLMSound.a */,
			);
			name = Products;
			sourceTree = "<group>";
		};
		16C3DC922614BBDB00F110AC /* Oboe */ = {
			isa = PBXGroup;
			children = (
				16C3DC942614BBF600F110AC /* OboeCommon.h */,
				16C3DC932614BBF600F110AC /* OboePlatformCompat.cpp */,
			);
			name = Oboe;
			sourceTree = "<group>";
		};
		16F26A3D25E6B7AE00C1530C /* Provider */ = {
			isa = PBXGroup;
			children = (
				162C476325E7EB9600956A15 /* MP3SoundProvider.cpp */,
				162C476425E7EB9600956A15 /* MP3SoundProvider.h */,
				16F26A6225E6B82600C1530C /* BakedSoundProvider.cpp */,
				16F26A6025E6B82600C1530C /* BakedSoundProvider.h */,
				16F26A5E25E6B82500C1530C /* ISoundProvider.h */,
				16F26A5F25E6B82500C1530C /* LoopHoldSoundProvider.cpp */,
				16F26A6625E6B82600C1530C /* LoopHoldSoundProvider.h */,
				16F26A6425E6B82600C1530C /* OggSoundProvider.cpp */,
				16F26A6725E6B82600C1530C /* OggSoundProvider.h */,
				16F26A6525E6B82600C1530C /* TestSoundProviders.cpp */,
				16F26A5D25E6B82500C1530C /* TestSoundProviders.h */,
				16F26A6125E6B82600C1530C /* WavSoundProvider.cpp */,
				16F26A6325E6B82600C1530C /* WavSoundProvider.h */,
			);
			name = Provider;
			sourceTree = "<group>";
		};
		16F26A3E25E6B7B500C1530C /* Platform */ = {
			isa = PBXGroup;
			children = (
				162C476025E7EB7F00956A15 /* iOSBGMPlayer.h */,
				162C475F25E7EB7F00956A15 /* iOSBGMPlayer.mm */,
				16F26A7B25E6B8B100C1530C /* iOSPlatformSound.mm */,
			);
			name = Platform;
			sourceTree = "<group>";
		};
		16F26A3F25E6B7BB00C1530C /* Common */ = {
			isa = PBXGroup;
			children = (
				162C475A25E7EB5400956A15 /* IBGMPlayingHandle.h */,
				16F26A5825E6B81100C1530C /* ISoundPlayingHandle.h */,
				16F26A5725E6B81100C1530C /* SoundPlayingContext.h */,
				16F26A5A25E6B81100C1530C /* SoundTypes.cpp */,
				16F26A5925E6B81100C1530C /* SoundTypes.h */,
			);
			name = Common;
			sourceTree = "<group>";
		};
		16F26A4025E6B7C100C1530C /* Backend */ = {
			isa = PBXGroup;
			children = (
				16C3DC922614BBDB00F110AC /* Oboe */,
				16F26A4125E6B7D900C1530C /* OpenAL */,
			);
			name = Backend;
			sourceTree = "<group>";
		};
		16F26A4125E6B7D900C1530C /* OpenAL */ = {
			isa = PBXGroup;
			children = (
				16F26A5225E6B7F300C1530C /* _Internal */,
				16F26A4925E6B7EF00C1530C /* OpenALBufferedSoundPlayingContext.cpp */,
				16F26A4225E6B7EE00C1530C /* OpenALBufferedSoundPlayingContext.h */,
				16F26A4825E6B7EF00C1530C /* OpenALCommon.cpp */,
				16F26A4425E6B7EE00C1530C /* OpenALCommon.h */,
				16F26A4625E6B7EF00C1530C /* OpenALLoopingSoundPlayingContext.cpp */,
				16F26A4725E6B7EF00C1530C /* OpenALLoopingSoundPlayingContext.h */,
				16F26A4325E6B7EE00C1530C /* OpenALSoundMixer.cpp */,
				16F26A4B25E6B7EF00C1530C /* OpenALSoundMixer.h */,
				16F26A4525E6B7EF00C1530C /* OpenALSoundPlayingContext.cpp */,
				16F26A4A25E6B7EF00C1530C /* OpenALSoundPlayingContext.h */,
			);
			name = OpenAL;
			sourceTree = "<group>";
		};
		16F26A5225E6B7F300C1530C /* _Internal */ = {
			isa = PBXGroup;
			children = (
				16F26A5325E6B80000C1530C /* _OpenALSourceReleasingContext.cpp */,
				16F26A5425E6B80000C1530C /* _OpenALSourceReleasingContext.h */,
			);
			name = _Internal;
			sourceTree = "<group>";
		};
/* End PBXGroup section */

/* Begin PBXNativeTarget section */
		1673E57F25B7112D0018667D /* LMSound */ = {
			isa = PBXNativeTarget;
			buildConfigurationList = 1673E58925B7112D0018667D /* Build configuration list for PBXNativeTarget "LMSound" */;
			buildPhases = (
				1673E57C25B7112D0018667D /* Sources */,
				1673E57D25B7112D0018667D /* Frameworks */,
				1673E57E25B7112D0018667D /* CopyFiles */,
			);
			buildRules = (
			);
			dependencies = (
			);
			name = LMSound;
			productName = Basic;
			productReference = 1673E58025B7112D0018667D /* libLMSound.a */;
			productType = "com.apple.product-type.library.static";
		};
/* End PBXNativeTarget section */

/* Begin PBXProject section */
		1673E57825B7112D0018667D /* Project object */ = {
			isa = PBXProject;
			attributes = {
				LastUpgradeCheck = 1230;
				TargetAttributes = {
					1673E57F25B7112D0018667D = {
						CreatedOnToolsVersion = 12.3;
					};
				};
			};
			buildConfigurationList = 1673E57B25B7112D0018667D /* Build configuration list for PBXProject "Sound" */;
			compatibilityVersion = "Xcode 9.3";
			developmentRegion = en;
			hasScannedForEncodings = 0;
			knownRegions = (
				en,
				Base,
			);
			mainGroup = 1673E57725B7112D0018667D;
			productRefGroup = 1673E58125B7112D0018667D /* Products */;
			projectDirPath = "";
			projectRoot = "";
			targets = (
				1673E57F25B7112D0018667D /* LMSound */,
			);
		};
/* End PBXProject section */

/* Begin PBXSourcesBuildPhase section */
		1673E57C25B7112D0018667D /* Sources */ = {
			isa = PBXSourcesBuildPhase;
			buildActionMask = 2147483647;
			files = (
				16F26A4F25E6B7EF00C1530C /* OpenALCommon.cpp in Sources */,
				16F26A4C25E6B7EF00C1530C /* OpenALSoundMixer.cpp in Sources */,
				16F26A5025E6B7EF00C1530C /* OpenALBufferedSoundPlayingContext.cpp in Sources */,
				16F26A6925E6B82600C1530C /* WavSoundProvider.cpp in Sources */,
				16F26A7C25E6B8B100C1530C /* iOSPlatformSound.mm in Sources */,
				162C476125E7EB7F00956A15 /* iOSBGMPlayer.mm in Sources */,
				16F26A6825E6B82600C1530C /* LoopHoldSoundProvider.cpp in Sources */,
				16F26A5525E6B80000C1530C /* _OpenALSourceReleasingContext.cpp in Sources */,
				16F26A6B25E6B82600C1530C /* OggSoundProvider.cpp in Sources */,
				16C3DC952614BBF600F110AC /* OboePlatformCompat.cpp in Sources */,
				16F26A6C25E6B82600C1530C /* TestSoundProviders.cpp in Sources */,
				162C476525E7EB9600956A15 /* MP3SoundProvider.cpp in Sources */,
				16F26A3B25E6B7A700C1530C /* SoundMixerComponent.cpp in Sources */,
				16F26A5B25E6B81100C1530C /* SoundTypes.cpp in Sources */,
				162C475D25E7EB6100956A15 /* BGMPlayerComponent.cpp in Sources */,
				16F26A4E25E6B7EF00C1530C /* OpenALLoopingSoundPlayingContext.cpp in Sources */,
				16F26A4D25E6B7EF00C1530C /* OpenALSoundPlayingContext.cpp in Sources */,
				16F26A6A25E6B82600C1530C /* BakedSoundProvider.cpp in Sources */,
			);
			runOnlyForDeploymentPostprocessing = 0;
		};
/* End PBXSourcesBuildPhase section */

/* Begin XCBuildConfiguration section */
		1673E58725B7112D0018667D /* Debug */ = {
			isa = XCBuildConfiguration;
			buildSettings = {
				ALWAYS_SEARCH_USER_PATHS = NO;
				CLANG_ANALYZER_NONNULL = YES;
				CLANG_ANALYZER_NUMBER_OBJECT_CONVERSION = YES_AGGRESSIVE;
				CLANG_CXX_LANGUAGE_STANDARD = "c++17";
				CLANG_CXX_LIBRARY = "libc++";
				CLANG_ENABLE_MODULES = YES;
				CLANG_ENABLE_OBJC_ARC = YES;
				CLANG_ENABLE_OBJC_WEAK = YES;
				CLANG_WARN_BLOCK_CAPTURE_AUTORELEASING = YES;
				CLANG_WARN_BOOL_CONVERSION = YES;
				CLANG_WARN_COMMA = YES;
				CLANG_WARN_CONSTANT_CONVERSION = YES;
				CLANG_WARN_DEPRECATED_OBJC_IMPLEMENTATIONS = YES;
				CLANG_WARN_DIRECT_OBJC_ISA_USAGE = YES_ERROR;
				CLANG_WARN_DOCUMENTATION_COMMENTS = YES;
				CLANG_WARN_EMPTY_BODY = YES;
				CLANG_WARN_ENUM_CONVERSION = YES;
				CLANG_WARN_INFINITE_RECURSION = YES;
				CLANG_WARN_INT_CONVERSION = YES;
				CLANG_WARN_NON_LITERAL_NULL_CONVERSION = YES;
				CLANG_WARN_OBJC_IMPLICIT_RETAIN_SELF = YES;
				CLANG_WARN_OBJC_LITERAL_CONVERSION = YES;
				CLANG_WARN_OBJC_ROOT_CLASS = YES_ERROR;
				CLANG_WARN_QUOTED_INCLUDE_IN_FRAMEWORK_HEADER = YES;
				CLANG_WARN_RANGE_LOOP_ANALYSIS = YES;
				CLANG_WARN_STRICT_PROTOTYPES = YES;
				CLANG_WARN_SUSPICIOUS_MOVE = YES;
				CLANG_WARN_UNGUARDED_AVAILABILITY = YES_AGGRESSIVE;
				CLANG_WARN_UNREACHABLE_CODE = YES;
				CLANG_WARN__DUPLICATE_METHOD_MATCH = YES;
				COPY_PHASE_STRIP = NO;
				DEBUG_INFORMATION_FORMAT = dwarf;
				ENABLE_STRICT_OBJC_MSGSEND = YES;
				ENABLE_TESTABILITY = YES;
				FRAMEWORK_SEARCH_PATHS = ../../Libraries/Dependent/iOS/Frameworks;
				GCC_C_LANGUAGE_STANDARD = c11;
				GCC_DYNAMIC_NO_PIC = NO;
				GCC_NO_COMMON_BLOCKS = YES;
				GCC_OPTIMIZATION_LEVEL = 0;
				GCC_PREPROCESSOR_DEFINITIONS = (
					"DEBUG=1",
					"$(inherited)",
				);
				GCC_WARN_64_TO_32_BIT_CONVERSION = YES;
				GCC_WARN_ABOUT_RETURN_TYPE = YES_ERROR;
				GCC_WARN_UNDECLARED_SELECTOR = YES;
				GCC_WARN_UNINITIALIZED_AUTOS = YES_AGGRESSIVE;
				GCC_WARN_UNUSED_FUNCTION = YES;
				GCC_WARN_UNUSED_VARIABLE = YES;
				HEADER_SEARCH_PATHS = (
					../../Libraries/LeggieroLib,
					../../Libraries/Dependent/iOS/zlib/include,
					"../../Libraries/Dependent/iOS/libjpeg-turbo/include",
					../../Libraries/Dependent/iOS/FreeType/include,
					../../Libraries/Dependent/iOS/oggvorbis/include,
					../../Libraries/Dependent/iOS/cryptopp/include,
					../../Libraries/Dependent/iOS/OpenSSL/include,
					../../Libraries/Dependent/iOS/libpng/include,
					../../Common,
					../../Platform/Platform.iOS,
					..,
				);
				IPHONEOS_DEPLOYMENT_TARGET = 12.3;
				MTL_ENABLE_DEBUG_INFO = INCLUDE_SOURCE;
				MTL_FAST_MATH = YES;
				ONLY_ACTIVE_ARCH = YES;
				SDKROOT = iphoneos;
			};
			name = Debug;
		};
		1673E58825B7112D0018667D /* Release */ = {
			isa = XCBuildConfiguration;
			buildSettings = {
				ALWAYS_SEARCH_USER_PATHS = NO;
				CLANG_ANALYZER_NONNULL = YES;
				CLANG_ANALYZER_NUMBER_OBJECT_CONVERSION = YES_AGGRESSIVE;
				CLANG_CXX_LANGUAGE_STANDARD = "c++17";
				CLANG_CXX_LIBRARY = "libc++";
				CLANG_ENABLE_MODULES = YES;
				CLANG_ENABLE_OBJC_ARC = YES;
				CLANG_ENABLE_OBJC_WEAK = YES;
				CLANG_WARN_BLOCK_CAPTURE_AUTORELEASING = YES;
				CLANG_WARN_BOOL_CONVERSION = YES;
				CLANG_WARN_COMMA = YES;
				CLANG_WARN_CONSTANT_CONVERSION = YES;
				CLANG_WARN_DEPRECATED_OBJC_IMPLEMENTATIONS = YES;
				CLANG_WARN_DIRECT_OBJC_ISA_USAGE = YES_ERROR;
				CLANG_WARN_DOCUMENTATION_COMMENTS = YES;
				CLANG_WARN_EMPTY_BODY = YES;
				CLANG_WARN_ENUM_CONVERSION = YES;
				CLANG_WARN_INFINITE_RECURSION = YES;
				CLANG_WARN_INT_CONVERSION = YES;
				CLANG_WARN_NON_LITERAL_NULL_CONVERSION = YES;
				CLANG_WARN_OBJC_IMPLICIT_RETAIN_SELF = YES;
				CLANG_WARN_OBJC_LITERAL_CONVERSION = YES;
				CLANG_WARN_OBJC_ROOT_CLASS = YES_ERROR;
				CLANG_WARN_QUOTED_INCLUDE_IN_FRAMEWORK_HEADER = YES;
				CLANG_WARN_RANGE_LOOP_ANALYSIS = YES;
				CLANG_WARN_STRICT_PROTOTYPES = YES;
				CLANG_WARN_SUSPICIOUS_MOVE = YES;
				CLANG_WARN_UNGUARDED_AVAILABILITY = YES_AGGRESSIVE;
				CLANG_WARN_UNREACHABLE_CODE = YES;
				CLANG_WARN__DUPLICATE_METHOD_MATCH = YES;
				COPY_PHASE_STRIP = NO;
				DEBUG_INFORMATION_FORMAT = "dwarf-with-dsym";
				ENABLE_NS_ASSERTIONS = NO;
				ENABLE_STRICT_OBJC_MSGSEND = YES;
				FRAMEWORK_SEARCH_PATHS = ../../Libraries/Dependent/iOS/Frameworks;
				GCC_C_LANGUAGE_STANDARD = c11;
				GCC_NO_COMMON_BLOCKS = YES;
				GCC_PREPROCESSOR_DEFINITIONS = (
					"NDEBUG=1",
					"$(inherited)",
				);
				GCC_WARN_64_TO_32_BIT_CONVERSION = YES;
				GCC_WARN_ABOUT_RETURN_TYPE = YES_ERROR;
				GCC_WARN_UNDECLARED_SELECTOR = YES;
				GCC_WARN_UNINITIALIZED_AUTOS = YES_AGGRESSIVE;
				GCC_WARN_UNUSED_FUNCTION = YES;
				GCC_WARN_UNUSED_VARIABLE = YES;
				HEADER_SEARCH_PATHS = (
					../../Libraries/LeggieroLib,
					../../Libraries/Dependent/iOS/zlib/include,
					"../../Libraries/Dependent/iOS/libjpeg-turbo/include",
					../../Libraries/Dependent/iOS/FreeType/include,
					../../Libraries/Dependent/iOS/oggvorbis/include,
					../../Libraries/Dependent/iOS/cryptopp/include,
					../../Libraries/Dependent/iOS/OpenSSL/include,
					../../Libraries/Dependent/iOS/libpng/include,
					../../Common,
					../../Platform/Platform.iOS,
					..,
				);
				IPHONEOS_DEPLOYMENT_TARGET = 12.3;
				MTL_ENABLE_DEBUG_INFO = NO;
				MTL_FAST_MATH = YES;
				SDKROOT = iphoneos;
				VALIDATE_PRODUCT = YES;
			};
			name = Release;
		};
		1673E58A25B7112D0018667D /* Debug */ = {
			isa = XCBuildConfiguration;
			buildSettings = {
				CODE_SIGN_STYLE = Automatic;
				OTHER_LDFLAGS = "-ObjC";
				PRODUCT_NAME = "$(TARGET_NAME)";
				SKIP_INSTALL = YES;
				TARGETED_DEVICE_FAMILY = "1,2";
			};
			name = Debug;
		};
		1673E58B25B7112D0018667D /* Release */ = {
			isa = XCBuildConfiguration;
			buildSettings = {
				CODE_SIGN_STYLE = Automatic;
				OTHER_LDFLAGS = "-ObjC";
				PRODUCT_NAME = "$(TARGET_NAME)";
				SKIP_INSTALL = YES;
				TARGETED_DEVICE_FAMILY = "1,2";
			};
			name = Release;
		};
/* End XCBuildConfiguration section */

/* Begin XCConfigurationList section */
		1673E57B25B7112D0018667D /* Build configuration list for PBXProject "Sound" */ = {
			isa = XCConfigurationList;
			buildConfigurations = (
				1673E58725B7112D0018667D /* Debug */,
				1673E58825B7112D0018667D /* Release */,
			);
			defaultConfigurationIsVisible = 0;
			defaultConfigurationName = Release;
		};
		1673E58925B7112D0018667D /* Build configuration list for PBXNativeTarget "LMSound" */ = {
			isa = XCConfigurationList;
			buildConfigurations = (
				1673E58A25B7112D0018667D /* Debug */,
				1673E58B25B7112D0018667D /* Release */,
			);
			defaultConfigurationIsVisible = 0;
			defaultConfigurationName = Release;
		};
/* End XCConfigurationList section */
	};
	rootObject = 1673E57825B7112D0018667D /* Project object */;
}
