
Microsoft Visual Studio Solution File, Format Version 12.00
# Visual Studio Version 16
VisualStudioVersion = 16.0.30011.22
MinimumVisualStudioVersion = 10.0.40219.1
Project("{8BC9CEB8-8B4A-11D0-8D11-00A0C91BC942}") = "${{ProgramName}}.WinPC", "Sources\App\${{ProgramName}}.WinPC\${{ProgramName}}.WinPC.vcxproj", "{${{GUID-AppWinPC:U}}}"
EndProject
Project("{8BC9CEB8-8B4A-11D0-8D11-00A0C91BC942}") = "${{ProgramName}}.Android", "Sources\App\${{ProgramName}}.Android\${{ProgramName}}.Android.vcxproj", "{${{GUID-AppAndroid:U}}}"
	ProjectSection(ProjectDependencies) = postProject
		{C9CAAD8B-09B4-4024-98EF-EA37BAD03307} = {C9CAAD8B-09B4-4024-98EF-EA37BAD03307}
	EndProjectSection
EndProject
Project("{2150E333-8FDC-42A3-9474-1A3956D46DE8}") = "App", "App", "{52999F42-8628-4FFD-94C3-4B7AA52BBB74}"
EndProject
Project("{2150E333-8FDC-42A3-9474-1A3956D46DE8}") = "${{ProgramName}}", "${{ProgramName}}", "{F2697F62-9259-40B9-875C-075F20EAD638}"
EndProject
Project("{2150E333-8FDC-42A3-9474-1A3956D46DE8}") = "Engine", "Engine", "{D49824A5-8320-437F-8A9B-7F00E575E497}"
EndProject
Project("{2150E333-8FDC-42A3-9474-1A3956D46DE8}") = "Common", "Common", "{14D6165B-BDEE-4FA2-BB41-80641C0C0688}"
EndProject
Project("{2150E333-8FDC-42A3-9474-1A3956D46DE8}") = "Modules", "Modules", "{83135789-AED7-4CC6-8DF8-73614B85C4EE}"
EndProject
Project("{2150E333-8FDC-42A3-9474-1A3956D46DE8}") = "Libraries", "Libraries", "{05F24D5A-715A-473B-BB1B-55AB9F299A42}"
EndProject
Project("{2150E333-8FDC-42A3-9474-1A3956D46DE8}") = "Platform", "Platform", "{E40E24D0-0077-413D-86CC-F0D7963FA51E}"
EndProject
Project("{8BC9CEB8-8B4A-11D0-8D11-00A0C91BC942}") = "Basic", "..\Engine\Common\Basic\Basic.vcxproj", "{C9CAAD8B-09B4-4024-98EF-EA37BAD03307}"
	ProjectSection(ProjectDependencies) = postProject
		{2226291F-187F-4271-8471-4CD82481388B} = {2226291F-187F-4271-8471-4CD82481388B}
	EndProjectSection
EndProject
Project("{8BC9CEB8-8B4A-11D0-8D11-00A0C91BC942}") = "Engine", "..\Engine\Common\Engine\Engine.vcxproj", "{93E56EEB-BE06-4CDE-873B-91FE6D327E7C}"
	ProjectSection(ProjectDependencies) = postProject
		{2226291F-187F-4271-8471-4CD82481388B} = {2226291F-187F-4271-8471-4CD82481388B}
		{C9CAAD8B-09B4-4024-98EF-EA37BAD03307} = {C9CAAD8B-09B4-4024-98EF-EA37BAD03307}
	EndProjectSection
EndProject
Project("{8BC9CEB8-8B4A-11D0-8D11-00A0C91BC942}") = "Utility", "..\Engine\Common\Utility\Utility.vcxproj", "{4CBA8AD5-4ACB-4F66-A071-54096453FEC8}"
	ProjectSection(ProjectDependencies) = postProject
		{2226291F-187F-4271-8471-4CD82481388B} = {2226291F-187F-4271-8471-4CD82481388B}
		{C9CAAD8B-09B4-4024-98EF-EA37BAD03307} = {C9CAAD8B-09B4-4024-98EF-EA37BAD03307}
	EndProjectSection
EndProject
Project("{8BC9CEB8-8B4A-11D0-8D11-00A0C91BC942}") = "Leggiero.Library", "..\Engine\Libraries\LeggieroLib\Leggiero.Library.vcxproj", "{2226291F-187F-4271-8471-4CD82481388B}"
EndProject
Project("{8BC9CEB8-8B4A-11D0-8D11-00A0C91BC942}") = "Application", "..\Engine\Modules\Application\Application.vcxproj", "{70175146-5185-4B37-99E8-8911D1D821DC}"
	ProjectSection(ProjectDependencies) = postProject
		{2226291F-187F-4271-8471-4CD82481388B} = {2226291F-187F-4271-8471-4CD82481388B}
		{C9CAAD8B-09B4-4024-98EF-EA37BAD03307} = {C9CAAD8B-09B4-4024-98EF-EA37BAD03307}
		{4CBA8AD5-4ACB-4F66-A071-54096453FEC8} = {4CBA8AD5-4ACB-4F66-A071-54096453FEC8}
		{93E56EEB-BE06-4CDE-873B-91FE6D327E7C} = {93E56EEB-BE06-4CDE-873B-91FE6D327E7C}
	EndProjectSection
EndProject
Project("{8BC9CEB8-8B4A-11D0-8D11-00A0C91BC942}") = "Platform.WinPC", "..\Engine\Platform\Platform.WinPC\Platform.WinPC.vcxproj", "{30BC2CC6-4FAA-4B1A-A228-C1AA2864EF13}"
	ProjectSection(ProjectDependencies) = postProject
		{2226291F-187F-4271-8471-4CD82481388B} = {2226291F-187F-4271-8471-4CD82481388B}
		{C9CAAD8B-09B4-4024-98EF-EA37BAD03307} = {C9CAAD8B-09B4-4024-98EF-EA37BAD03307}
		{4CBA8AD5-4ACB-4F66-A071-54096453FEC8} = {4CBA8AD5-4ACB-4F66-A071-54096453FEC8}
		{93E56EEB-BE06-4CDE-873B-91FE6D327E7C} = {93E56EEB-BE06-4CDE-873B-91FE6D327E7C}
	EndProjectSection
EndProject
Project("{8BC9CEB8-8B4A-11D0-8D11-00A0C91BC942}") = "${{ProgramName}}", "Sources\${{ProgramName}}\${{ProgramName}}.vcxproj", "{${{GUID-GameProject:U}}}"
EndProject
Project("{8BC9CEB8-8B4A-11D0-8D11-00A0C91BC942}") = "Graphics", "..\Engine\Modules\Graphics\Graphics.vcxproj", "{557F2323-E052-4A9B-AA66-95840EA11AE6}"
EndProject
Project("{8BC9CEB8-8B4A-11D0-8D11-00A0C91BC942}") = "Log", "..\Engine\Modules\Log\Log.vcxproj", "{5D9020D2-24C6-49CC-AB3C-81206EC2F179}"
EndProject
Project("{8BC9CEB8-8B4A-11D0-8D11-00A0C91BC942}") = "Input", "..\Engine\Modules\Input\Input.vcxproj", "{72380FCF-954D-4F2E-A4E3-77ED113BAB66}"
EndProject
Project("{8BC9CEB8-8B4A-11D0-8D11-00A0C91BC942}") = "FileSystem", "..\Engine\Modules\FileSystem\FileSystem.vcxproj", "{04917B6A-9F26-452A-B131-3147E00641BE}"
EndProject
Project("{8BC9CEB8-8B4A-11D0-8D11-00A0C91BC942}") = "Platform.Android", "..\Engine\Platform\Platform.Android\Platform.Android.vcxproj", "{EA3E544F-E838-4A0A-8A72-C2BA4DDDC565}"
EndProject
Project("{8BC9CEB8-8B4A-11D0-8D11-00A0C91BC942}") = "Font", "..\Engine\Modules\Font\Font.vcxproj", "{EB24A7DD-969E-498B-8D9A-F94F81464AE8}"
EndProject
Project("{8BC9CEB8-8B4A-11D0-8D11-00A0C91BC942}") = "Sound", "..\Engine\Modules\Sound\Sound.vcxproj", "{333E51FD-1B8B-4502-8176-16BD5D3F9B2F}"
EndProject
Project("{8BC9CEB8-8B4A-11D0-8D11-00A0C91BC942}") = "Task", "..\Engine\Modules\Task\Task.vcxproj", "{9E5C64B3-4B11-4341-BF52-16C8D75AD61E}"
EndProject
Project("{8BC9CEB8-8B4A-11D0-8D11-00A0C91BC942}") = "HTTP", "..\Engine\Modules\HTTP\HTTP.vcxproj", "{B7253A66-56F6-4FC3-9AE3-35072741F71C}"
EndProject
Project("{8BC9CEB8-8B4A-11D0-8D11-00A0C91BC942}") = "Crypto", "..\Engine\Modules\Crypto\Crypto.vcxproj", "{26D404C2-FEA8-4A3C-BC9B-86DA067A1391}"
EndProject
Project("{8BC9CEB8-8B4A-11D0-8D11-00A0C91BC942}") = "LegacyUI", "..\Engine\Modules\LUI\LegacyUI.vcxproj", "{0AEC3B63-B2F9-4A41-811E-3AE8DC18B9E0}"
EndProject
Global
	GlobalSection(SolutionConfigurationPlatforms) = preSolution
		Debug|AArch64-Android-NVIDIA = Debug|AArch64-Android-NVIDIA
		Debug|ARM-Android-NVIDIA = Debug|ARM-Android-NVIDIA
		Debug|Tegra-Android = Debug|Tegra-Android
		Debug|x64 = Debug|x64
		Release|AArch64-Android-NVIDIA = Release|AArch64-Android-NVIDIA
		Release|ARM-Android-NVIDIA = Release|ARM-Android-NVIDIA
		Release|Tegra-Android = Release|Tegra-Android
		Release|x64 = Release|x64
		Shipping|AArch64-Android-NVIDIA = Shipping|AArch64-Android-NVIDIA
		Shipping|ARM-Android-NVIDIA = Shipping|ARM-Android-NVIDIA
		Shipping|Tegra-Android = Shipping|Tegra-Android
		Shipping|x64 = Shipping|x64
	EndGlobalSection
	GlobalSection(ProjectConfigurationPlatforms) = postSolution
		{${{GUID-AppWinPC:U}}}.Debug|AArch64-Android-NVIDIA.ActiveCfg = Debug|x64
		{${{GUID-AppWinPC:U}}}.Debug|ARM-Android-NVIDIA.ActiveCfg = Debug|x64
		{${{GUID-AppWinPC:U}}}.Debug|Tegra-Android.ActiveCfg = Debug|x64
		{${{GUID-AppWinPC:U}}}.Debug|x64.ActiveCfg = Debug|x64
		{${{GUID-AppWinPC:U}}}.Debug|x64.Build.0 = Debug|x64
		{${{GUID-AppWinPC:U}}}.Release|AArch64-Android-NVIDIA.ActiveCfg = Release|x64
		{${{GUID-AppWinPC:U}}}.Release|ARM-Android-NVIDIA.ActiveCfg = Release|x64
		{${{GUID-AppWinPC:U}}}.Release|Tegra-Android.ActiveCfg = Release|x64
		{${{GUID-AppWinPC:U}}}.Release|x64.ActiveCfg = Release|x64
		{${{GUID-AppWinPC:U}}}.Release|x64.Build.0 = Release|x64
		{${{GUID-AppWinPC:U}}}.Shipping|AArch64-Android-NVIDIA.ActiveCfg = Release|x64
		{${{GUID-AppWinPC:U}}}.Shipping|ARM-Android-NVIDIA.ActiveCfg = Release|x64
		{${{GUID-AppWinPC:U}}}.Shipping|Tegra-Android.ActiveCfg = Release|x64
		{${{GUID-AppWinPC:U}}}.Shipping|x64.ActiveCfg = Release|x64
		{${{GUID-AppWinPC:U}}}.Shipping|x64.Build.0 = Release|x64
		{${{GUID-AppAndroid:U}}}.Debug|AArch64-Android-NVIDIA.ActiveCfg = Debug|AArch64-Android-NVIDIA
		{${{GUID-AppAndroid:U}}}.Debug|AArch64-Android-NVIDIA.Build.0 = Debug|AArch64-Android-NVIDIA
		{${{GUID-AppAndroid:U}}}.Debug|ARM-Android-NVIDIA.ActiveCfg = Debug|ARM-Android-NVIDIA
		{${{GUID-AppAndroid:U}}}.Debug|ARM-Android-NVIDIA.Build.0 = Debug|ARM-Android-NVIDIA
		{${{GUID-AppAndroid:U}}}.Debug|Tegra-Android.ActiveCfg = Debug|Tegra-Android
		{${{GUID-AppAndroid:U}}}.Debug|Tegra-Android.Build.0 = Debug|Tegra-Android
		{${{GUID-AppAndroid:U}}}.Debug|x64.ActiveCfg = Debug|Tegra-Android
		{${{GUID-AppAndroid:U}}}.Release|AArch64-Android-NVIDIA.ActiveCfg = Release|AArch64-Android-NVIDIA
		{${{GUID-AppAndroid:U}}}.Release|AArch64-Android-NVIDIA.Build.0 = Release|AArch64-Android-NVIDIA
		{${{GUID-AppAndroid:U}}}.Release|ARM-Android-NVIDIA.ActiveCfg = Release|ARM-Android-NVIDIA
		{${{GUID-AppAndroid:U}}}.Release|ARM-Android-NVIDIA.Build.0 = Release|ARM-Android-NVIDIA
		{${{GUID-AppAndroid:U}}}.Release|Tegra-Android.ActiveCfg = Release|Tegra-Android
		{${{GUID-AppAndroid:U}}}.Release|Tegra-Android.Build.0 = Release|Tegra-Android
		{${{GUID-AppAndroid:U}}}.Release|x64.ActiveCfg = Release|Tegra-Android
		{${{GUID-AppAndroid:U}}}.Shipping|AArch64-Android-NVIDIA.ActiveCfg = Shipping|AArch64-Android-NVIDIA
		{${{GUID-AppAndroid:U}}}.Shipping|AArch64-Android-NVIDIA.Build.0 = Shipping|AArch64-Android-NVIDIA
		{${{GUID-AppAndroid:U}}}.Shipping|ARM-Android-NVIDIA.ActiveCfg = Shipping|ARM-Android-NVIDIA
		{${{GUID-AppAndroid:U}}}.Shipping|ARM-Android-NVIDIA.Build.0 = Shipping|ARM-Android-NVIDIA
		{${{GUID-AppAndroid:U}}}.Shipping|Tegra-Android.ActiveCfg = Shipping|Tegra-Android
		{${{GUID-AppAndroid:U}}}.Shipping|Tegra-Android.Build.0 = Shipping|Tegra-Android
		{${{GUID-AppAndroid:U}}}.Shipping|x64.ActiveCfg = Shipping|Tegra-Android
		{C9CAAD8B-09B4-4024-98EF-EA37BAD03307}.Debug|AArch64-Android-NVIDIA.ActiveCfg = Debug|AArch64-Android-NVIDIA
		{C9CAAD8B-09B4-4024-98EF-EA37BAD03307}.Debug|AArch64-Android-NVIDIA.Build.0 = Debug|AArch64-Android-NVIDIA
		{C9CAAD8B-09B4-4024-98EF-EA37BAD03307}.Debug|ARM-Android-NVIDIA.ActiveCfg = Debug|ARM-Android-NVIDIA
		{C9CAAD8B-09B4-4024-98EF-EA37BAD03307}.Debug|ARM-Android-NVIDIA.Build.0 = Debug|ARM-Android-NVIDIA
		{C9CAAD8B-09B4-4024-98EF-EA37BAD03307}.Debug|Tegra-Android.ActiveCfg = Debug|Tegra-Android
		{C9CAAD8B-09B4-4024-98EF-EA37BAD03307}.Debug|Tegra-Android.Build.0 = Debug|Tegra-Android
		{C9CAAD8B-09B4-4024-98EF-EA37BAD03307}.Debug|x64.ActiveCfg = Debug|x64
		{C9CAAD8B-09B4-4024-98EF-EA37BAD03307}.Debug|x64.Build.0 = Debug|x64
		{C9CAAD8B-09B4-4024-98EF-EA37BAD03307}.Release|AArch64-Android-NVIDIA.ActiveCfg = Release|AArch64-Android-NVIDIA
		{C9CAAD8B-09B4-4024-98EF-EA37BAD03307}.Release|AArch64-Android-NVIDIA.Build.0 = Release|AArch64-Android-NVIDIA
		{C9CAAD8B-09B4-4024-98EF-EA37BAD03307}.Release|ARM-Android-NVIDIA.ActiveCfg = Release|ARM-Android-NVIDIA
		{C9CAAD8B-09B4-4024-98EF-EA37BAD03307}.Release|ARM-Android-NVIDIA.Build.0 = Release|ARM-Android-NVIDIA
		{C9CAAD8B-09B4-4024-98EF-EA37BAD03307}.Release|Tegra-Android.ActiveCfg = Release|Tegra-Android
		{C9CAAD8B-09B4-4024-98EF-EA37BAD03307}.Release|Tegra-Android.Build.0 = Release|Tegra-Android
		{C9CAAD8B-09B4-4024-98EF-EA37BAD03307}.Release|x64.ActiveCfg = Release|x64
		{C9CAAD8B-09B4-4024-98EF-EA37BAD03307}.Release|x64.Build.0 = Release|x64
		{C9CAAD8B-09B4-4024-98EF-EA37BAD03307}.Shipping|AArch64-Android-NVIDIA.ActiveCfg = Shipping|AArch64-Android-NVIDIA
		{C9CAAD8B-09B4-4024-98EF-EA37BAD03307}.Shipping|AArch64-Android-NVIDIA.Build.0 = Shipping|AArch64-Android-NVIDIA
		{C9CAAD8B-09B4-4024-98EF-EA37BAD03307}.Shipping|ARM-Android-NVIDIA.ActiveCfg = Shipping|ARM-Android-NVIDIA
		{C9CAAD8B-09B4-4024-98EF-EA37BAD03307}.Shipping|ARM-Android-NVIDIA.Build.0 = Shipping|ARM-Android-NVIDIA
		{C9CAAD8B-09B4-4024-98EF-EA37BAD03307}.Shipping|Tegra-Android.ActiveCfg = Shipping|Tegra-Android
		{C9CAAD8B-09B4-4024-98EF-EA37BAD03307}.Shipping|Tegra-Android.Build.0 = Shipping|Tegra-Android
		{C9CAAD8B-09B4-4024-98EF-EA37BAD03307}.Shipping|x64.ActiveCfg = Release|x64
		{C9CAAD8B-09B4-4024-98EF-EA37BAD03307}.Shipping|x64.Build.0 = Release|x64
		{93E56EEB-BE06-4CDE-873B-91FE6D327E7C}.Debug|AArch64-Android-NVIDIA.ActiveCfg = Debug|AArch64-Android-NVIDIA
		{93E56EEB-BE06-4CDE-873B-91FE6D327E7C}.Debug|AArch64-Android-NVIDIA.Build.0 = Debug|AArch64-Android-NVIDIA
		{93E56EEB-BE06-4CDE-873B-91FE6D327E7C}.Debug|ARM-Android-NVIDIA.ActiveCfg = Debug|ARM-Android-NVIDIA
		{93E56EEB-BE06-4CDE-873B-91FE6D327E7C}.Debug|ARM-Android-NVIDIA.Build.0 = Debug|ARM-Android-NVIDIA
		{93E56EEB-BE06-4CDE-873B-91FE6D327E7C}.Debug|Tegra-Android.ActiveCfg = Debug|Tegra-Android
		{93E56EEB-BE06-4CDE-873B-91FE6D327E7C}.Debug|Tegra-Android.Build.0 = Debug|Tegra-Android
		{93E56EEB-BE06-4CDE-873B-91FE6D327E7C}.Debug|x64.ActiveCfg = Debug|x64
		{93E56EEB-BE06-4CDE-873B-91FE6D327E7C}.Debug|x64.Build.0 = Debug|x64
		{93E56EEB-BE06-4CDE-873B-91FE6D327E7C}.Release|AArch64-Android-NVIDIA.ActiveCfg = Release|AArch64-Android-NVIDIA
		{93E56EEB-BE06-4CDE-873B-91FE6D327E7C}.Release|AArch64-Android-NVIDIA.Build.0 = Release|AArch64-Android-NVIDIA
		{93E56EEB-BE06-4CDE-873B-91FE6D327E7C}.Release|ARM-Android-NVIDIA.ActiveCfg = Release|ARM-Android-NVIDIA
		{93E56EEB-BE06-4CDE-873B-91FE6D327E7C}.Release|ARM-Android-NVIDIA.Build.0 = Release|ARM-Android-NVIDIA
		{93E56EEB-BE06-4CDE-873B-91FE6D327E7C}.Release|Tegra-Android.ActiveCfg = Release|Tegra-Android
		{93E56EEB-BE06-4CDE-873B-91FE6D327E7C}.Release|Tegra-Android.Build.0 = Release|Tegra-Android
		{93E56EEB-BE06-4CDE-873B-91FE6D327E7C}.Release|x64.ActiveCfg = Release|x64
		{93E56EEB-BE06-4CDE-873B-91FE6D327E7C}.Release|x64.Build.0 = Release|x64
		{93E56EEB-BE06-4CDE-873B-91FE6D327E7C}.Shipping|AArch64-Android-NVIDIA.ActiveCfg = Shipping|AArch64-Android-NVIDIA
		{93E56EEB-BE06-4CDE-873B-91FE6D327E7C}.Shipping|AArch64-Android-NVIDIA.Build.0 = Shipping|AArch64-Android-NVIDIA
		{93E56EEB-BE06-4CDE-873B-91FE6D327E7C}.Shipping|ARM-Android-NVIDIA.ActiveCfg = Shipping|ARM-Android-NVIDIA
		{93E56EEB-BE06-4CDE-873B-91FE6D327E7C}.Shipping|ARM-Android-NVIDIA.Build.0 = Shipping|ARM-Android-NVIDIA
		{93E56EEB-BE06-4CDE-873B-91FE6D327E7C}.Shipping|Tegra-Android.ActiveCfg = Shipping|Tegra-Android
		{93E56EEB-BE06-4CDE-873B-91FE6D327E7C}.Shipping|Tegra-Android.Build.0 = Shipping|Tegra-Android
		{93E56EEB-BE06-4CDE-873B-91FE6D327E7C}.Shipping|x64.ActiveCfg = Release|x64
		{93E56EEB-BE06-4CDE-873B-91FE6D327E7C}.Shipping|x64.Build.0 = Release|x64
		{4CBA8AD5-4ACB-4F66-A071-54096453FEC8}.Debug|AArch64-Android-NVIDIA.ActiveCfg = Debug|AArch64-Android-NVIDIA
		{4CBA8AD5-4ACB-4F66-A071-54096453FEC8}.Debug|AArch64-Android-NVIDIA.Build.0 = Debug|AArch64-Android-NVIDIA
		{4CBA8AD5-4ACB-4F66-A071-54096453FEC8}.Debug|ARM-Android-NVIDIA.ActiveCfg = Debug|ARM-Android-NVIDIA
		{4CBA8AD5-4ACB-4F66-A071-54096453FEC8}.Debug|ARM-Android-NVIDIA.Build.0 = Debug|ARM-Android-NVIDIA
		{4CBA8AD5-4ACB-4F66-A071-54096453FEC8}.Debug|Tegra-Android.ActiveCfg = Debug|Tegra-Android
		{4CBA8AD5-4ACB-4F66-A071-54096453FEC8}.Debug|Tegra-Android.Build.0 = Debug|Tegra-Android
		{4CBA8AD5-4ACB-4F66-A071-54096453FEC8}.Debug|x64.ActiveCfg = Debug|x64
		{4CBA8AD5-4ACB-4F66-A071-54096453FEC8}.Debug|x64.Build.0 = Debug|x64
		{4CBA8AD5-4ACB-4F66-A071-54096453FEC8}.Release|AArch64-Android-NVIDIA.ActiveCfg = Release|AArch64-Android-NVIDIA
		{4CBA8AD5-4ACB-4F66-A071-54096453FEC8}.Release|AArch64-Android-NVIDIA.Build.0 = Release|AArch64-Android-NVIDIA
		{4CBA8AD5-4ACB-4F66-A071-54096453FEC8}.Release|ARM-Android-NVIDIA.ActiveCfg = Release|ARM-Android-NVIDIA
		{4CBA8AD5-4ACB-4F66-A071-54096453FEC8}.Release|ARM-Android-NVIDIA.Build.0 = Release|ARM-Android-NVIDIA
		{4CBA8AD5-4ACB-4F66-A071-54096453FEC8}.Release|Tegra-Android.ActiveCfg = Release|Tegra-Android
		{4CBA8AD5-4ACB-4F66-A071-54096453FEC8}.Release|Tegra-Android.Build.0 = Release|Tegra-Android
		{4CBA8AD5-4ACB-4F66-A071-54096453FEC8}.Release|x64.ActiveCfg = Release|x64
		{4CBA8AD5-4ACB-4F66-A071-54096453FEC8}.Release|x64.Build.0 = Release|x64
		{4CBA8AD5-4ACB-4F66-A071-54096453FEC8}.Shipping|AArch64-Android-NVIDIA.ActiveCfg = Shipping|AArch64-Android-NVIDIA
		{4CBA8AD5-4ACB-4F66-A071-54096453FEC8}.Shipping|AArch64-Android-NVIDIA.Build.0 = Shipping|AArch64-Android-NVIDIA
		{4CBA8AD5-4ACB-4F66-A071-54096453FEC8}.Shipping|ARM-Android-NVIDIA.ActiveCfg = Shipping|ARM-Android-NVIDIA
		{4CBA8AD5-4ACB-4F66-A071-54096453FEC8}.Shipping|ARM-Android-NVIDIA.Build.0 = Shipping|ARM-Android-NVIDIA
		{4CBA8AD5-4ACB-4F66-A071-54096453FEC8}.Shipping|Tegra-Android.ActiveCfg = Shipping|Tegra-Android
		{4CBA8AD5-4ACB-4F66-A071-54096453FEC8}.Shipping|Tegra-Android.Build.0 = Shipping|Tegra-Android
		{4CBA8AD5-4ACB-4F66-A071-54096453FEC8}.Shipping|x64.ActiveCfg = Release|x64
		{4CBA8AD5-4ACB-4F66-A071-54096453FEC8}.Shipping|x64.Build.0 = Release|x64
		{2226291F-187F-4271-8471-4CD82481388B}.Debug|AArch64-Android-NVIDIA.ActiveCfg = Debug|AArch64-Android-NVIDIA
		{2226291F-187F-4271-8471-4CD82481388B}.Debug|AArch64-Android-NVIDIA.Build.0 = Debug|AArch64-Android-NVIDIA
		{2226291F-187F-4271-8471-4CD82481388B}.Debug|ARM-Android-NVIDIA.ActiveCfg = Debug|ARM-Android-NVIDIA
		{2226291F-187F-4271-8471-4CD82481388B}.Debug|ARM-Android-NVIDIA.Build.0 = Debug|ARM-Android-NVIDIA
		{2226291F-187F-4271-8471-4CD82481388B}.Debug|Tegra-Android.ActiveCfg = Debug|Tegra-Android
		{2226291F-187F-4271-8471-4CD82481388B}.Debug|Tegra-Android.Build.0 = Debug|Tegra-Android
		{2226291F-187F-4271-8471-4CD82481388B}.Debug|x64.ActiveCfg = Debug|x64
		{2226291F-187F-4271-8471-4CD82481388B}.Debug|x64.Build.0 = Debug|x64
		{2226291F-187F-4271-8471-4CD82481388B}.Release|AArch64-Android-NVIDIA.ActiveCfg = Release|AArch64-Android-NVIDIA
		{2226291F-187F-4271-8471-4CD82481388B}.Release|AArch64-Android-NVIDIA.Build.0 = Release|AArch64-Android-NVIDIA
		{2226291F-187F-4271-8471-4CD82481388B}.Release|ARM-Android-NVIDIA.ActiveCfg = Release|ARM-Android-NVIDIA
		{2226291F-187F-4271-8471-4CD82481388B}.Release|ARM-Android-NVIDIA.Build.0 = Release|ARM-Android-NVIDIA
		{2226291F-187F-4271-8471-4CD82481388B}.Release|Tegra-Android.ActiveCfg = Release|Tegra-Android
		{2226291F-187F-4271-8471-4CD82481388B}.Release|Tegra-Android.Build.0 = Release|Tegra-Android
		{2226291F-187F-4271-8471-4CD82481388B}.Release|x64.ActiveCfg = Release|x64
		{2226291F-187F-4271-8471-4CD82481388B}.Release|x64.Build.0 = Release|x64
		{2226291F-187F-4271-8471-4CD82481388B}.Shipping|AArch64-Android-NVIDIA.ActiveCfg = Shipping|AArch64-Android-NVIDIA
		{2226291F-187F-4271-8471-4CD82481388B}.Shipping|AArch64-Android-NVIDIA.Build.0 = Shipping|AArch64-Android-NVIDIA
		{2226291F-187F-4271-8471-4CD82481388B}.Shipping|ARM-Android-NVIDIA.ActiveCfg = Shipping|ARM-Android-NVIDIA
		{2226291F-187F-4271-8471-4CD82481388B}.Shipping|ARM-Android-NVIDIA.Build.0 = Shipping|ARM-Android-NVIDIA
		{2226291F-187F-4271-8471-4CD82481388B}.Shipping|Tegra-Android.ActiveCfg = Shipping|Tegra-Android
		{2226291F-187F-4271-8471-4CD82481388B}.Shipping|Tegra-Android.Build.0 = Shipping|Tegra-Android
		{2226291F-187F-4271-8471-4CD82481388B}.Shipping|x64.ActiveCfg = Release|x64
		{2226291F-187F-4271-8471-4CD82481388B}.Shipping|x64.Build.0 = Release|x64
		{70175146-5185-4B37-99E8-8911D1D821DC}.Debug|AArch64-Android-NVIDIA.ActiveCfg = Debug|AArch64-Android-NVIDIA
		{70175146-5185-4B37-99E8-8911D1D821DC}.Debug|AArch64-Android-NVIDIA.Build.0 = Debug|AArch64-Android-NVIDIA
		{70175146-5185-4B37-99E8-8911D1D821DC}.Debug|ARM-Android-NVIDIA.ActiveCfg = Debug|ARM-Android-NVIDIA
		{70175146-5185-4B37-99E8-8911D1D821DC}.Debug|ARM-Android-NVIDIA.Build.0 = Debug|ARM-Android-NVIDIA
		{70175146-5185-4B37-99E8-8911D1D821DC}.Debug|Tegra-Android.ActiveCfg = Debug|Tegra-Android
		{70175146-5185-4B37-99E8-8911D1D821DC}.Debug|Tegra-Android.Build.0 = Debug|Tegra-Android
		{70175146-5185-4B37-99E8-8911D1D821DC}.Debug|x64.ActiveCfg = Debug|x64
		{70175146-5185-4B37-99E8-8911D1D821DC}.Debug|x64.Build.0 = Debug|x64
		{70175146-5185-4B37-99E8-8911D1D821DC}.Release|AArch64-Android-NVIDIA.ActiveCfg = Release|AArch64-Android-NVIDIA
		{70175146-5185-4B37-99E8-8911D1D821DC}.Release|AArch64-Android-NVIDIA.Build.0 = Release|AArch64-Android-NVIDIA
		{70175146-5185-4B37-99E8-8911D1D821DC}.Release|ARM-Android-NVIDIA.ActiveCfg = Release|ARM-Android-NVIDIA
		{70175146-5185-4B37-99E8-8911D1D821DC}.Release|ARM-Android-NVIDIA.Build.0 = Release|ARM-Android-NVIDIA
		{70175146-5185-4B37-99E8-8911D1D821DC}.Release|Tegra-Android.ActiveCfg = Release|Tegra-Android
		{70175146-5185-4B37-99E8-8911D1D821DC}.Release|Tegra-Android.Build.0 = Release|Tegra-Android
		{70175146-5185-4B37-99E8-8911D1D821DC}.Release|x64.ActiveCfg = Release|x64
		{70175146-5185-4B37-99E8-8911D1D821DC}.Release|x64.Build.0 = Release|x64
		{70175146-5185-4B37-99E8-8911D1D821DC}.Shipping|AArch64-Android-NVIDIA.ActiveCfg = Shipping|AArch64-Android-NVIDIA
		{70175146-5185-4B37-99E8-8911D1D821DC}.Shipping|AArch64-Android-NVIDIA.Build.0 = Shipping|AArch64-Android-NVIDIA
		{70175146-5185-4B37-99E8-8911D1D821DC}.Shipping|ARM-Android-NVIDIA.ActiveCfg = Shipping|ARM-Android-NVIDIA
		{70175146-5185-4B37-99E8-8911D1D821DC}.Shipping|ARM-Android-NVIDIA.Build.0 = Shipping|ARM-Android-NVIDIA
		{70175146-5185-4B37-99E8-8911D1D821DC}.Shipping|Tegra-Android.ActiveCfg = Shipping|Tegra-Android
		{70175146-5185-4B37-99E8-8911D1D821DC}.Shipping|Tegra-Android.Build.0 = Shipping|Tegra-Android
		{70175146-5185-4B37-99E8-8911D1D821DC}.Shipping|x64.ActiveCfg = Release|x64
		{70175146-5185-4B37-99E8-8911D1D821DC}.Shipping|x64.Build.0 = Release|x64
		{30BC2CC6-4FAA-4B1A-A228-C1AA2864EF13}.Debug|AArch64-Android-NVIDIA.ActiveCfg = Debug|x64
		{30BC2CC6-4FAA-4B1A-A228-C1AA2864EF13}.Debug|ARM-Android-NVIDIA.ActiveCfg = Debug|x64
		{30BC2CC6-4FAA-4B1A-A228-C1AA2864EF13}.Debug|Tegra-Android.ActiveCfg = Debug|x64
		{30BC2CC6-4FAA-4B1A-A228-C1AA2864EF13}.Debug|x64.ActiveCfg = Debug|x64
		{30BC2CC6-4FAA-4B1A-A228-C1AA2864EF13}.Debug|x64.Build.0 = Debug|x64
		{30BC2CC6-4FAA-4B1A-A228-C1AA2864EF13}.Release|AArch64-Android-NVIDIA.ActiveCfg = Release|x64
		{30BC2CC6-4FAA-4B1A-A228-C1AA2864EF13}.Release|ARM-Android-NVIDIA.ActiveCfg = Release|x64
		{30BC2CC6-4FAA-4B1A-A228-C1AA2864EF13}.Release|Tegra-Android.ActiveCfg = Release|x64
		{30BC2CC6-4FAA-4B1A-A228-C1AA2864EF13}.Release|x64.ActiveCfg = Release|x64
		{30BC2CC6-4FAA-4B1A-A228-C1AA2864EF13}.Release|x64.Build.0 = Release|x64
		{30BC2CC6-4FAA-4B1A-A228-C1AA2864EF13}.Shipping|AArch64-Android-NVIDIA.ActiveCfg = Debug|x64
		{30BC2CC6-4FAA-4B1A-A228-C1AA2864EF13}.Shipping|ARM-Android-NVIDIA.ActiveCfg = Debug|x64
		{30BC2CC6-4FAA-4B1A-A228-C1AA2864EF13}.Shipping|Tegra-Android.ActiveCfg = Debug|x64
		{30BC2CC6-4FAA-4B1A-A228-C1AA2864EF13}.Shipping|x64.ActiveCfg = Release|x64
		{30BC2CC6-4FAA-4B1A-A228-C1AA2864EF13}.Shipping|x64.Build.0 = Release|x64
		{${{GUID-GameProject:U}}}.Debug|AArch64-Android-NVIDIA.ActiveCfg = Debug|AArch64-Android-NVIDIA
		{${{GUID-GameProject:U}}}.Debug|AArch64-Android-NVIDIA.Build.0 = Debug|AArch64-Android-NVIDIA
		{${{GUID-GameProject:U}}}.Debug|ARM-Android-NVIDIA.ActiveCfg = Debug|ARM-Android-NVIDIA
		{${{GUID-GameProject:U}}}.Debug|ARM-Android-NVIDIA.Build.0 = Debug|ARM-Android-NVIDIA
		{${{GUID-GameProject:U}}}.Debug|Tegra-Android.ActiveCfg = Debug|Tegra-Android
		{${{GUID-GameProject:U}}}.Debug|Tegra-Android.Build.0 = Debug|Tegra-Android
		{${{GUID-GameProject:U}}}.Debug|x64.ActiveCfg = Debug|x64
		{${{GUID-GameProject:U}}}.Debug|x64.Build.0 = Debug|x64
		{${{GUID-GameProject:U}}}.Release|AArch64-Android-NVIDIA.ActiveCfg = Release|AArch64-Android-NVIDIA
		{${{GUID-GameProject:U}}}.Release|AArch64-Android-NVIDIA.Build.0 = Release|AArch64-Android-NVIDIA
		{${{GUID-GameProject:U}}}.Release|ARM-Android-NVIDIA.ActiveCfg = Release|ARM-Android-NVIDIA
		{${{GUID-GameProject:U}}}.Release|ARM-Android-NVIDIA.Build.0 = Release|ARM-Android-NVIDIA
		{${{GUID-GameProject:U}}}.Release|Tegra-Android.ActiveCfg = Release|Tegra-Android
		{${{GUID-GameProject:U}}}.Release|Tegra-Android.Build.0 = Release|Tegra-Android
		{${{GUID-GameProject:U}}}.Release|x64.ActiveCfg = Release|x64
		{${{GUID-GameProject:U}}}.Release|x64.Build.0 = Release|x64
		{${{GUID-GameProject:U}}}.Shipping|AArch64-Android-NVIDIA.ActiveCfg = Shipping|AArch64-Android-NVIDIA
		{${{GUID-GameProject:U}}}.Shipping|AArch64-Android-NVIDIA.Build.0 = Shipping|AArch64-Android-NVIDIA
		{${{GUID-GameProject:U}}}.Shipping|ARM-Android-NVIDIA.ActiveCfg = Shipping|ARM-Android-NVIDIA
		{${{GUID-GameProject:U}}}.Shipping|ARM-Android-NVIDIA.Build.0 = Shipping|ARM-Android-NVIDIA
		{${{GUID-GameProject:U}}}.Shipping|Tegra-Android.ActiveCfg = Shipping|Tegra-Android
		{${{GUID-GameProject:U}}}.Shipping|Tegra-Android.Build.0 = Shipping|Tegra-Android
		{${{GUID-GameProject:U}}}.Shipping|x64.ActiveCfg = Release|x64
		{${{GUID-GameProject:U}}}.Shipping|x64.Build.0 = Release|x64
		{557F2323-E052-4A9B-AA66-95840EA11AE6}.Debug|AArch64-Android-NVIDIA.ActiveCfg = Debug|AArch64-Android-NVIDIA
		{557F2323-E052-4A9B-AA66-95840EA11AE6}.Debug|AArch64-Android-NVIDIA.Build.0 = Debug|AArch64-Android-NVIDIA
		{557F2323-E052-4A9B-AA66-95840EA11AE6}.Debug|ARM-Android-NVIDIA.ActiveCfg = Debug|ARM-Android-NVIDIA
		{557F2323-E052-4A9B-AA66-95840EA11AE6}.Debug|ARM-Android-NVIDIA.Build.0 = Debug|ARM-Android-NVIDIA
		{557F2323-E052-4A9B-AA66-95840EA11AE6}.Debug|Tegra-Android.ActiveCfg = Debug|Tegra-Android
		{557F2323-E052-4A9B-AA66-95840EA11AE6}.Debug|Tegra-Android.Build.0 = Debug|Tegra-Android
		{557F2323-E052-4A9B-AA66-95840EA11AE6}.Debug|x64.ActiveCfg = Debug|x64
		{557F2323-E052-4A9B-AA66-95840EA11AE6}.Debug|x64.Build.0 = Debug|x64
		{557F2323-E052-4A9B-AA66-95840EA11AE6}.Release|AArch64-Android-NVIDIA.ActiveCfg = Release|AArch64-Android-NVIDIA
		{557F2323-E052-4A9B-AA66-95840EA11AE6}.Release|AArch64-Android-NVIDIA.Build.0 = Release|AArch64-Android-NVIDIA
		{557F2323-E052-4A9B-AA66-95840EA11AE6}.Release|ARM-Android-NVIDIA.ActiveCfg = Release|ARM-Android-NVIDIA
		{557F2323-E052-4A9B-AA66-95840EA11AE6}.Release|ARM-Android-NVIDIA.Build.0 = Release|ARM-Android-NVIDIA
		{557F2323-E052-4A9B-AA66-95840EA11AE6}.Release|Tegra-Android.ActiveCfg = Release|Tegra-Android
		{557F2323-E052-4A9B-AA66-95840EA11AE6}.Release|Tegra-Android.Build.0 = Release|Tegra-Android
		{557F2323-E052-4A9B-AA66-95840EA11AE6}.Release|x64.ActiveCfg = Release|x64
		{557F2323-E052-4A9B-AA66-95840EA11AE6}.Release|x64.Build.0 = Release|x64
		{557F2323-E052-4A9B-AA66-95840EA11AE6}.Shipping|AArch64-Android-NVIDIA.ActiveCfg = Shipping|AArch64-Android-NVIDIA
		{557F2323-E052-4A9B-AA66-95840EA11AE6}.Shipping|AArch64-Android-NVIDIA.Build.0 = Shipping|AArch64-Android-NVIDIA
		{557F2323-E052-4A9B-AA66-95840EA11AE6}.Shipping|ARM-Android-NVIDIA.ActiveCfg = Shipping|ARM-Android-NVIDIA
		{557F2323-E052-4A9B-AA66-95840EA11AE6}.Shipping|ARM-Android-NVIDIA.Build.0 = Shipping|ARM-Android-NVIDIA
		{557F2323-E052-4A9B-AA66-95840EA11AE6}.Shipping|Tegra-Android.ActiveCfg = Shipping|Tegra-Android
		{557F2323-E052-4A9B-AA66-95840EA11AE6}.Shipping|Tegra-Android.Build.0 = Shipping|Tegra-Android
		{557F2323-E052-4A9B-AA66-95840EA11AE6}.Shipping|x64.ActiveCfg = Release|x64
		{557F2323-E052-4A9B-AA66-95840EA11AE6}.Shipping|x64.Build.0 = Release|x64
		{5D9020D2-24C6-49CC-AB3C-81206EC2F179}.Debug|AArch64-Android-NVIDIA.ActiveCfg = Debug|AArch64-Android-NVIDIA
		{5D9020D2-24C6-49CC-AB3C-81206EC2F179}.Debug|AArch64-Android-NVIDIA.Build.0 = Debug|AArch64-Android-NVIDIA
		{5D9020D2-24C6-49CC-AB3C-81206EC2F179}.Debug|ARM-Android-NVIDIA.ActiveCfg = Debug|ARM-Android-NVIDIA
		{5D9020D2-24C6-49CC-AB3C-81206EC2F179}.Debug|ARM-Android-NVIDIA.Build.0 = Debug|ARM-Android-NVIDIA
		{5D9020D2-24C6-49CC-AB3C-81206EC2F179}.Debug|Tegra-Android.ActiveCfg = Debug|Tegra-Android
		{5D9020D2-24C6-49CC-AB3C-81206EC2F179}.Debug|Tegra-Android.Build.0 = Debug|Tegra-Android
		{5D9020D2-24C6-49CC-AB3C-81206EC2F179}.Debug|x64.ActiveCfg = Debug|x64
		{5D9020D2-24C6-49CC-AB3C-81206EC2F179}.Debug|x64.Build.0 = Debug|x64
		{5D9020D2-24C6-49CC-AB3C-81206EC2F179}.Release|AArch64-Android-NVIDIA.ActiveCfg = Release|AArch64-Android-NVIDIA
		{5D9020D2-24C6-49CC-AB3C-81206EC2F179}.Release|AArch64-Android-NVIDIA.Build.0 = Release|AArch64-Android-NVIDIA
		{5D9020D2-24C6-49CC-AB3C-81206EC2F179}.Release|ARM-Android-NVIDIA.ActiveCfg = Release|ARM-Android-NVIDIA
		{5D9020D2-24C6-49CC-AB3C-81206EC2F179}.Release|ARM-Android-NVIDIA.Build.0 = Release|ARM-Android-NVIDIA
		{5D9020D2-24C6-49CC-AB3C-81206EC2F179}.Release|Tegra-Android.ActiveCfg = Release|Tegra-Android
		{5D9020D2-24C6-49CC-AB3C-81206EC2F179}.Release|Tegra-Android.Build.0 = Release|Tegra-Android
		{5D9020D2-24C6-49CC-AB3C-81206EC2F179}.Release|x64.ActiveCfg = Release|x64
		{5D9020D2-24C6-49CC-AB3C-81206EC2F179}.Release|x64.Build.0 = Release|x64
		{5D9020D2-24C6-49CC-AB3C-81206EC2F179}.Shipping|AArch64-Android-NVIDIA.ActiveCfg = Shipping|AArch64-Android-NVIDIA
		{5D9020D2-24C6-49CC-AB3C-81206EC2F179}.Shipping|AArch64-Android-NVIDIA.Build.0 = Shipping|AArch64-Android-NVIDIA
		{5D9020D2-24C6-49CC-AB3C-81206EC2F179}.Shipping|ARM-Android-NVIDIA.ActiveCfg = Shipping|ARM-Android-NVIDIA
		{5D9020D2-24C6-49CC-AB3C-81206EC2F179}.Shipping|ARM-Android-NVIDIA.Build.0 = Shipping|ARM-Android-NVIDIA
		{5D9020D2-24C6-49CC-AB3C-81206EC2F179}.Shipping|Tegra-Android.ActiveCfg = Shipping|Tegra-Android
		{5D9020D2-24C6-49CC-AB3C-81206EC2F179}.Shipping|Tegra-Android.Build.0 = Shipping|Tegra-Android
		{5D9020D2-24C6-49CC-AB3C-81206EC2F179}.Shipping|x64.ActiveCfg = Release|x64
		{5D9020D2-24C6-49CC-AB3C-81206EC2F179}.Shipping|x64.Build.0 = Release|x64
		{72380FCF-954D-4F2E-A4E3-77ED113BAB66}.Debug|AArch64-Android-NVIDIA.ActiveCfg = Debug|AArch64-Android-NVIDIA
		{72380FCF-954D-4F2E-A4E3-77ED113BAB66}.Debug|AArch64-Android-NVIDIA.Build.0 = Debug|AArch64-Android-NVIDIA
		{72380FCF-954D-4F2E-A4E3-77ED113BAB66}.Debug|ARM-Android-NVIDIA.ActiveCfg = Debug|ARM-Android-NVIDIA
		{72380FCF-954D-4F2E-A4E3-77ED113BAB66}.Debug|ARM-Android-NVIDIA.Build.0 = Debug|ARM-Android-NVIDIA
		{72380FCF-954D-4F2E-A4E3-77ED113BAB66}.Debug|Tegra-Android.ActiveCfg = Debug|Tegra-Android
		{72380FCF-954D-4F2E-A4E3-77ED113BAB66}.Debug|Tegra-Android.Build.0 = Debug|Tegra-Android
		{72380FCF-954D-4F2E-A4E3-77ED113BAB66}.Debug|x64.ActiveCfg = Debug|x64
		{72380FCF-954D-4F2E-A4E3-77ED113BAB66}.Debug|x64.Build.0 = Debug|x64
		{72380FCF-954D-4F2E-A4E3-77ED113BAB66}.Release|AArch64-Android-NVIDIA.ActiveCfg = Release|AArch64-Android-NVIDIA
		{72380FCF-954D-4F2E-A4E3-77ED113BAB66}.Release|AArch64-Android-NVIDIA.Build.0 = Release|AArch64-Android-NVIDIA
		{72380FCF-954D-4F2E-A4E3-77ED113BAB66}.Release|ARM-Android-NVIDIA.ActiveCfg = Release|ARM-Android-NVIDIA
		{72380FCF-954D-4F2E-A4E3-77ED113BAB66}.Release|ARM-Android-NVIDIA.Build.0 = Release|ARM-Android-NVIDIA
		{72380FCF-954D-4F2E-A4E3-77ED113BAB66}.Release|Tegra-Android.ActiveCfg = Release|Tegra-Android
		{72380FCF-954D-4F2E-A4E3-77ED113BAB66}.Release|Tegra-Android.Build.0 = Release|Tegra-Android
		{72380FCF-954D-4F2E-A4E3-77ED113BAB66}.Release|x64.ActiveCfg = Release|x64
		{72380FCF-954D-4F2E-A4E3-77ED113BAB66}.Release|x64.Build.0 = Release|x64
		{72380FCF-954D-4F2E-A4E3-77ED113BAB66}.Shipping|AArch64-Android-NVIDIA.ActiveCfg = Shipping|AArch64-Android-NVIDIA
		{72380FCF-954D-4F2E-A4E3-77ED113BAB66}.Shipping|AArch64-Android-NVIDIA.Build.0 = Shipping|AArch64-Android-NVIDIA
		{72380FCF-954D-4F2E-A4E3-77ED113BAB66}.Shipping|ARM-Android-NVIDIA.ActiveCfg = Shipping|ARM-Android-NVIDIA
		{72380FCF-954D-4F2E-A4E3-77ED113BAB66}.Shipping|ARM-Android-NVIDIA.Build.0 = Shipping|ARM-Android-NVIDIA
		{72380FCF-954D-4F2E-A4E3-77ED113BAB66}.Shipping|Tegra-Android.ActiveCfg = Shipping|Tegra-Android
		{72380FCF-954D-4F2E-A4E3-77ED113BAB66}.Shipping|Tegra-Android.Build.0 = Shipping|Tegra-Android
		{72380FCF-954D-4F2E-A4E3-77ED113BAB66}.Shipping|x64.ActiveCfg = Release|x64
		{72380FCF-954D-4F2E-A4E3-77ED113BAB66}.Shipping|x64.Build.0 = Release|x64
		{04917B6A-9F26-452A-B131-3147E00641BE}.Debug|AArch64-Android-NVIDIA.ActiveCfg = Debug|AArch64-Android-NVIDIA
		{04917B6A-9F26-452A-B131-3147E00641BE}.Debug|AArch64-Android-NVIDIA.Build.0 = Debug|AArch64-Android-NVIDIA
		{04917B6A-9F26-452A-B131-3147E00641BE}.Debug|ARM-Android-NVIDIA.ActiveCfg = Debug|ARM-Android-NVIDIA
		{04917B6A-9F26-452A-B131-3147E00641BE}.Debug|ARM-Android-NVIDIA.Build.0 = Debug|ARM-Android-NVIDIA
		{04917B6A-9F26-452A-B131-3147E00641BE}.Debug|Tegra-Android.ActiveCfg = Debug|Tegra-Android
		{04917B6A-9F26-452A-B131-3147E00641BE}.Debug|Tegra-Android.Build.0 = Debug|Tegra-Android
		{04917B6A-9F26-452A-B131-3147E00641BE}.Debug|x64.ActiveCfg = Debug|x64
		{04917B6A-9F26-452A-B131-3147E00641BE}.Debug|x64.Build.0 = Debug|x64
		{04917B6A-9F26-452A-B131-3147E00641BE}.Release|AArch64-Android-NVIDIA.ActiveCfg = Release|AArch64-Android-NVIDIA
		{04917B6A-9F26-452A-B131-3147E00641BE}.Release|AArch64-Android-NVIDIA.Build.0 = Release|AArch64-Android-NVIDIA
		{04917B6A-9F26-452A-B131-3147E00641BE}.Release|ARM-Android-NVIDIA.ActiveCfg = Release|ARM-Android-NVIDIA
		{04917B6A-9F26-452A-B131-3147E00641BE}.Release|ARM-Android-NVIDIA.Build.0 = Release|ARM-Android-NVIDIA
		{04917B6A-9F26-452A-B131-3147E00641BE}.Release|Tegra-Android.ActiveCfg = Release|Tegra-Android
		{04917B6A-9F26-452A-B131-3147E00641BE}.Release|Tegra-Android.Build.0 = Release|Tegra-Android
		{04917B6A-9F26-452A-B131-3147E00641BE}.Release|x64.ActiveCfg = Release|x64
		{04917B6A-9F26-452A-B131-3147E00641BE}.Release|x64.Build.0 = Release|x64
		{04917B6A-9F26-452A-B131-3147E00641BE}.Shipping|AArch64-Android-NVIDIA.ActiveCfg = Shipping|AArch64-Android-NVIDIA
		{04917B6A-9F26-452A-B131-3147E00641BE}.Shipping|AArch64-Android-NVIDIA.Build.0 = Shipping|AArch64-Android-NVIDIA
		{04917B6A-9F26-452A-B131-3147E00641BE}.Shipping|ARM-Android-NVIDIA.ActiveCfg = Shipping|ARM-Android-NVIDIA
		{04917B6A-9F26-452A-B131-3147E00641BE}.Shipping|ARM-Android-NVIDIA.Build.0 = Shipping|ARM-Android-NVIDIA
		{04917B6A-9F26-452A-B131-3147E00641BE}.Shipping|Tegra-Android.ActiveCfg = Shipping|Tegra-Android
		{04917B6A-9F26-452A-B131-3147E00641BE}.Shipping|Tegra-Android.Build.0 = Shipping|Tegra-Android
		{04917B6A-9F26-452A-B131-3147E00641BE}.Shipping|x64.ActiveCfg = Shipping|Tegra-Android
		{EA3E544F-E838-4A0A-8A72-C2BA4DDDC565}.Debug|AArch64-Android-NVIDIA.ActiveCfg = Debug|AArch64-Android-NVIDIA
		{EA3E544F-E838-4A0A-8A72-C2BA4DDDC565}.Debug|AArch64-Android-NVIDIA.Build.0 = Debug|AArch64-Android-NVIDIA
		{EA3E544F-E838-4A0A-8A72-C2BA4DDDC565}.Debug|ARM-Android-NVIDIA.ActiveCfg = Debug|ARM-Android-NVIDIA
		{EA3E544F-E838-4A0A-8A72-C2BA4DDDC565}.Debug|ARM-Android-NVIDIA.Build.0 = Debug|ARM-Android-NVIDIA
		{EA3E544F-E838-4A0A-8A72-C2BA4DDDC565}.Debug|Tegra-Android.ActiveCfg = Debug|Tegra-Android
		{EA3E544F-E838-4A0A-8A72-C2BA4DDDC565}.Debug|Tegra-Android.Build.0 = Debug|Tegra-Android
		{EA3E544F-E838-4A0A-8A72-C2BA4DDDC565}.Debug|x64.ActiveCfg = Debug|Tegra-Android
		{EA3E544F-E838-4A0A-8A72-C2BA4DDDC565}.Release|AArch64-Android-NVIDIA.ActiveCfg = Release|AArch64-Android-NVIDIA
		{EA3E544F-E838-4A0A-8A72-C2BA4DDDC565}.Release|AArch64-Android-NVIDIA.Build.0 = Release|AArch64-Android-NVIDIA
		{EA3E544F-E838-4A0A-8A72-C2BA4DDDC565}.Release|ARM-Android-NVIDIA.ActiveCfg = Release|ARM-Android-NVIDIA
		{EA3E544F-E838-4A0A-8A72-C2BA4DDDC565}.Release|ARM-Android-NVIDIA.Build.0 = Release|ARM-Android-NVIDIA
		{EA3E544F-E838-4A0A-8A72-C2BA4DDDC565}.Release|Tegra-Android.ActiveCfg = Release|Tegra-Android
		{EA3E544F-E838-4A0A-8A72-C2BA4DDDC565}.Release|Tegra-Android.Build.0 = Release|Tegra-Android
		{EA3E544F-E838-4A0A-8A72-C2BA4DDDC565}.Release|x64.ActiveCfg = Release|Tegra-Android
		{EA3E544F-E838-4A0A-8A72-C2BA4DDDC565}.Shipping|AArch64-Android-NVIDIA.ActiveCfg = Shipping|AArch64-Android-NVIDIA
		{EA3E544F-E838-4A0A-8A72-C2BA4DDDC565}.Shipping|AArch64-Android-NVIDIA.Build.0 = Shipping|AArch64-Android-NVIDIA
		{EA3E544F-E838-4A0A-8A72-C2BA4DDDC565}.Shipping|ARM-Android-NVIDIA.ActiveCfg = Shipping|ARM-Android-NVIDIA
		{EA3E544F-E838-4A0A-8A72-C2BA4DDDC565}.Shipping|ARM-Android-NVIDIA.Build.0 = Shipping|ARM-Android-NVIDIA
		{EA3E544F-E838-4A0A-8A72-C2BA4DDDC565}.Shipping|Tegra-Android.ActiveCfg = Shipping|Tegra-Android
		{EA3E544F-E838-4A0A-8A72-C2BA4DDDC565}.Shipping|Tegra-Android.Build.0 = Shipping|Tegra-Android
		{EA3E544F-E838-4A0A-8A72-C2BA4DDDC565}.Shipping|x64.ActiveCfg = Shipping|Tegra-Android
		{EB24A7DD-969E-498B-8D9A-F94F81464AE8}.Debug|AArch64-Android-NVIDIA.ActiveCfg = Debug|AArch64-Android-NVIDIA
		{EB24A7DD-969E-498B-8D9A-F94F81464AE8}.Debug|AArch64-Android-NVIDIA.Build.0 = Debug|AArch64-Android-NVIDIA
		{EB24A7DD-969E-498B-8D9A-F94F81464AE8}.Debug|ARM-Android-NVIDIA.ActiveCfg = Debug|ARM-Android-NVIDIA
		{EB24A7DD-969E-498B-8D9A-F94F81464AE8}.Debug|ARM-Android-NVIDIA.Build.0 = Debug|ARM-Android-NVIDIA
		{EB24A7DD-969E-498B-8D9A-F94F81464AE8}.Debug|Tegra-Android.ActiveCfg = Debug|Tegra-Android
		{EB24A7DD-969E-498B-8D9A-F94F81464AE8}.Debug|Tegra-Android.Build.0 = Debug|Tegra-Android
		{EB24A7DD-969E-498B-8D9A-F94F81464AE8}.Debug|x64.ActiveCfg = Debug|x64
		{EB24A7DD-969E-498B-8D9A-F94F81464AE8}.Debug|x64.Build.0 = Debug|x64
		{EB24A7DD-969E-498B-8D9A-F94F81464AE8}.Release|AArch64-Android-NVIDIA.ActiveCfg = Release|AArch64-Android-NVIDIA
		{EB24A7DD-969E-498B-8D9A-F94F81464AE8}.Release|AArch64-Android-NVIDIA.Build.0 = Release|AArch64-Android-NVIDIA
		{EB24A7DD-969E-498B-8D9A-F94F81464AE8}.Release|ARM-Android-NVIDIA.ActiveCfg = Release|ARM-Android-NVIDIA
		{EB24A7DD-969E-498B-8D9A-F94F81464AE8}.Release|ARM-Android-NVIDIA.Build.0 = Release|ARM-Android-NVIDIA
		{EB24A7DD-969E-498B-8D9A-F94F81464AE8}.Release|Tegra-Android.ActiveCfg = Release|Tegra-Android
		{EB24A7DD-969E-498B-8D9A-F94F81464AE8}.Release|Tegra-Android.Build.0 = Release|Tegra-Android
		{EB24A7DD-969E-498B-8D9A-F94F81464AE8}.Release|x64.ActiveCfg = Release|x64
		{EB24A7DD-969E-498B-8D9A-F94F81464AE8}.Release|x64.Build.0 = Release|x64
		{EB24A7DD-969E-498B-8D9A-F94F81464AE8}.Shipping|AArch64-Android-NVIDIA.ActiveCfg = Shipping|AArch64-Android-NVIDIA
		{EB24A7DD-969E-498B-8D9A-F94F81464AE8}.Shipping|AArch64-Android-NVIDIA.Build.0 = Shipping|AArch64-Android-NVIDIA
		{EB24A7DD-969E-498B-8D9A-F94F81464AE8}.Shipping|ARM-Android-NVIDIA.ActiveCfg = Shipping|ARM-Android-NVIDIA
		{EB24A7DD-969E-498B-8D9A-F94F81464AE8}.Shipping|ARM-Android-NVIDIA.Build.0 = Shipping|ARM-Android-NVIDIA
		{EB24A7DD-969E-498B-8D9A-F94F81464AE8}.Shipping|Tegra-Android.ActiveCfg = Shipping|Tegra-Android
		{EB24A7DD-969E-498B-8D9A-F94F81464AE8}.Shipping|Tegra-Android.Build.0 = Shipping|Tegra-Android
		{EB24A7DD-969E-498B-8D9A-F94F81464AE8}.Shipping|x64.ActiveCfg = Shipping|Tegra-Android
		{333E51FD-1B8B-4502-8176-16BD5D3F9B2F}.Debug|AArch64-Android-NVIDIA.ActiveCfg = Debug|AArch64-Android-NVIDIA
		{333E51FD-1B8B-4502-8176-16BD5D3F9B2F}.Debug|AArch64-Android-NVIDIA.Build.0 = Debug|AArch64-Android-NVIDIA
		{333E51FD-1B8B-4502-8176-16BD5D3F9B2F}.Debug|ARM-Android-NVIDIA.ActiveCfg = Debug|ARM-Android-NVIDIA
		{333E51FD-1B8B-4502-8176-16BD5D3F9B2F}.Debug|ARM-Android-NVIDIA.Build.0 = Debug|ARM-Android-NVIDIA
		{333E51FD-1B8B-4502-8176-16BD5D3F9B2F}.Debug|Tegra-Android.ActiveCfg = Debug|Tegra-Android
		{333E51FD-1B8B-4502-8176-16BD5D3F9B2F}.Debug|Tegra-Android.Build.0 = Debug|Tegra-Android
		{333E51FD-1B8B-4502-8176-16BD5D3F9B2F}.Debug|x64.ActiveCfg = Debug|x64
		{333E51FD-1B8B-4502-8176-16BD5D3F9B2F}.Debug|x64.Build.0 = Debug|x64
		{333E51FD-1B8B-4502-8176-16BD5D3F9B2F}.Release|AArch64-Android-NVIDIA.ActiveCfg = Release|AArch64-Android-NVIDIA
		{333E51FD-1B8B-4502-8176-16BD5D3F9B2F}.Release|AArch64-Android-NVIDIA.Build.0 = Release|AArch64-Android-NVIDIA
		{333E51FD-1B8B-4502-8176-16BD5D3F9B2F}.Release|ARM-Android-NVIDIA.ActiveCfg = Release|ARM-Android-NVIDIA
		{333E51FD-1B8B-4502-8176-16BD5D3F9B2F}.Release|ARM-Android-NVIDIA.Build.0 = Release|ARM-Android-NVIDIA
		{333E51FD-1B8B-4502-8176-16BD5D3F9B2F}.Release|Tegra-Android.ActiveCfg = Release|Tegra-Android
		{333E51FD-1B8B-4502-8176-16BD5D3F9B2F}.Release|Tegra-Android.Build.0 = Release|Tegra-Android
		{333E51FD-1B8B-4502-8176-16BD5D3F9B2F}.Release|x64.ActiveCfg = Release|x64
		{333E51FD-1B8B-4502-8176-16BD5D3F9B2F}.Release|x64.Build.0 = Release|x64
		{333E51FD-1B8B-4502-8176-16BD5D3F9B2F}.Shipping|AArch64-Android-NVIDIA.ActiveCfg = Shipping|AArch64-Android-NVIDIA
		{333E51FD-1B8B-4502-8176-16BD5D3F9B2F}.Shipping|AArch64-Android-NVIDIA.Build.0 = Shipping|AArch64-Android-NVIDIA
		{333E51FD-1B8B-4502-8176-16BD5D3F9B2F}.Shipping|ARM-Android-NVIDIA.ActiveCfg = Shipping|ARM-Android-NVIDIA
		{333E51FD-1B8B-4502-8176-16BD5D3F9B2F}.Shipping|ARM-Android-NVIDIA.Build.0 = Shipping|ARM-Android-NVIDIA
		{333E51FD-1B8B-4502-8176-16BD5D3F9B2F}.Shipping|Tegra-Android.ActiveCfg = Shipping|Tegra-Android
		{333E51FD-1B8B-4502-8176-16BD5D3F9B2F}.Shipping|Tegra-Android.Build.0 = Shipping|Tegra-Android
		{333E51FD-1B8B-4502-8176-16BD5D3F9B2F}.Shipping|x64.ActiveCfg = Shipping|Tegra-Android
		{9E5C64B3-4B11-4341-BF52-16C8D75AD61E}.Debug|AArch64-Android-NVIDIA.ActiveCfg = Debug|AArch64-Android-NVIDIA
		{9E5C64B3-4B11-4341-BF52-16C8D75AD61E}.Debug|AArch64-Android-NVIDIA.Build.0 = Debug|AArch64-Android-NVIDIA
		{9E5C64B3-4B11-4341-BF52-16C8D75AD61E}.Debug|ARM-Android-NVIDIA.ActiveCfg = Debug|ARM-Android-NVIDIA
		{9E5C64B3-4B11-4341-BF52-16C8D75AD61E}.Debug|ARM-Android-NVIDIA.Build.0 = Debug|ARM-Android-NVIDIA
		{9E5C64B3-4B11-4341-BF52-16C8D75AD61E}.Debug|Tegra-Android.ActiveCfg = Debug|Tegra-Android
		{9E5C64B3-4B11-4341-BF52-16C8D75AD61E}.Debug|Tegra-Android.Build.0 = Debug|Tegra-Android
		{9E5C64B3-4B11-4341-BF52-16C8D75AD61E}.Debug|x64.ActiveCfg = Debug|x64
		{9E5C64B3-4B11-4341-BF52-16C8D75AD61E}.Debug|x64.Build.0 = Debug|x64
		{9E5C64B3-4B11-4341-BF52-16C8D75AD61E}.Release|AArch64-Android-NVIDIA.ActiveCfg = Release|AArch64-Android-NVIDIA
		{9E5C64B3-4B11-4341-BF52-16C8D75AD61E}.Release|AArch64-Android-NVIDIA.Build.0 = Release|AArch64-Android-NVIDIA
		{9E5C64B3-4B11-4341-BF52-16C8D75AD61E}.Release|ARM-Android-NVIDIA.ActiveCfg = Release|ARM-Android-NVIDIA
		{9E5C64B3-4B11-4341-BF52-16C8D75AD61E}.Release|ARM-Android-NVIDIA.Build.0 = Release|ARM-Android-NVIDIA
		{9E5C64B3-4B11-4341-BF52-16C8D75AD61E}.Release|Tegra-Android.ActiveCfg = Release|Tegra-Android
		{9E5C64B3-4B11-4341-BF52-16C8D75AD61E}.Release|Tegra-Android.Build.0 = Release|Tegra-Android
		{9E5C64B3-4B11-4341-BF52-16C8D75AD61E}.Release|x64.ActiveCfg = Release|x64
		{9E5C64B3-4B11-4341-BF52-16C8D75AD61E}.Release|x64.Build.0 = Release|x64
		{9E5C64B3-4B11-4341-BF52-16C8D75AD61E}.Shipping|AArch64-Android-NVIDIA.ActiveCfg = Shipping|AArch64-Android-NVIDIA
		{9E5C64B3-4B11-4341-BF52-16C8D75AD61E}.Shipping|AArch64-Android-NVIDIA.Build.0 = Shipping|AArch64-Android-NVIDIA
		{9E5C64B3-4B11-4341-BF52-16C8D75AD61E}.Shipping|ARM-Android-NVIDIA.ActiveCfg = Shipping|ARM-Android-NVIDIA
		{9E5C64B3-4B11-4341-BF52-16C8D75AD61E}.Shipping|ARM-Android-NVIDIA.Build.0 = Shipping|ARM-Android-NVIDIA
		{9E5C64B3-4B11-4341-BF52-16C8D75AD61E}.Shipping|Tegra-Android.ActiveCfg = Shipping|Tegra-Android
		{9E5C64B3-4B11-4341-BF52-16C8D75AD61E}.Shipping|Tegra-Android.Build.0 = Shipping|Tegra-Android
		{9E5C64B3-4B11-4341-BF52-16C8D75AD61E}.Shipping|x64.ActiveCfg = Shipping|Tegra-Android
		{B7253A66-56F6-4FC3-9AE3-35072741F71C}.Debug|AArch64-Android-NVIDIA.ActiveCfg = Debug|AArch64-Android-NVIDIA
		{B7253A66-56F6-4FC3-9AE3-35072741F71C}.Debug|AArch64-Android-NVIDIA.Build.0 = Debug|AArch64-Android-NVIDIA
		{B7253A66-56F6-4FC3-9AE3-35072741F71C}.Debug|ARM-Android-NVIDIA.ActiveCfg = Debug|ARM-Android-NVIDIA
		{B7253A66-56F6-4FC3-9AE3-35072741F71C}.Debug|ARM-Android-NVIDIA.Build.0 = Debug|ARM-Android-NVIDIA
		{B7253A66-56F6-4FC3-9AE3-35072741F71C}.Debug|Tegra-Android.ActiveCfg = Debug|Tegra-Android
		{B7253A66-56F6-4FC3-9AE3-35072741F71C}.Debug|Tegra-Android.Build.0 = Debug|Tegra-Android
		{B7253A66-56F6-4FC3-9AE3-35072741F71C}.Debug|x64.ActiveCfg = Debug|x64
		{B7253A66-56F6-4FC3-9AE3-35072741F71C}.Debug|x64.Build.0 = Debug|x64
		{B7253A66-56F6-4FC3-9AE3-35072741F71C}.Release|AArch64-Android-NVIDIA.ActiveCfg = Release|AArch64-Android-NVIDIA
		{B7253A66-56F6-4FC3-9AE3-35072741F71C}.Release|AArch64-Android-NVIDIA.Build.0 = Release|AArch64-Android-NVIDIA
		{B7253A66-56F6-4FC3-9AE3-35072741F71C}.Release|ARM-Android-NVIDIA.ActiveCfg = Release|ARM-Android-NVIDIA
		{B7253A66-56F6-4FC3-9AE3-35072741F71C}.Release|ARM-Android-NVIDIA.Build.0 = Release|ARM-Android-NVIDIA
		{B7253A66-56F6-4FC3-9AE3-35072741F71C}.Release|Tegra-Android.ActiveCfg = Release|Tegra-Android
		{B7253A66-56F6-4FC3-9AE3-35072741F71C}.Release|Tegra-Android.Build.0 = Release|Tegra-Android
		{B7253A66-56F6-4FC3-9AE3-35072741F71C}.Release|x64.ActiveCfg = Release|x64
		{B7253A66-56F6-4FC3-9AE3-35072741F71C}.Release|x64.Build.0 = Release|x64
		{B7253A66-56F6-4FC3-9AE3-35072741F71C}.Shipping|AArch64-Android-NVIDIA.ActiveCfg = Shipping|AArch64-Android-NVIDIA
		{B7253A66-56F6-4FC3-9AE3-35072741F71C}.Shipping|AArch64-Android-NVIDIA.Build.0 = Shipping|AArch64-Android-NVIDIA
		{B7253A66-56F6-4FC3-9AE3-35072741F71C}.Shipping|ARM-Android-NVIDIA.ActiveCfg = Shipping|ARM-Android-NVIDIA
		{B7253A66-56F6-4FC3-9AE3-35072741F71C}.Shipping|ARM-Android-NVIDIA.Build.0 = Shipping|ARM-Android-NVIDIA
		{B7253A66-56F6-4FC3-9AE3-35072741F71C}.Shipping|Tegra-Android.ActiveCfg = Shipping|Tegra-Android
		{B7253A66-56F6-4FC3-9AE3-35072741F71C}.Shipping|Tegra-Android.Build.0 = Shipping|Tegra-Android
		{B7253A66-56F6-4FC3-9AE3-35072741F71C}.Shipping|x64.ActiveCfg = Shipping|Tegra-Android
		{26D404C2-FEA8-4A3C-BC9B-86DA067A1391}.Debug|AArch64-Android-NVIDIA.ActiveCfg = Debug|AArch64-Android-NVIDIA
		{26D404C2-FEA8-4A3C-BC9B-86DA067A1391}.Debug|AArch64-Android-NVIDIA.Build.0 = Debug|AArch64-Android-NVIDIA
		{26D404C2-FEA8-4A3C-BC9B-86DA067A1391}.Debug|ARM-Android-NVIDIA.ActiveCfg = Debug|ARM-Android-NVIDIA
		{26D404C2-FEA8-4A3C-BC9B-86DA067A1391}.Debug|ARM-Android-NVIDIA.Build.0 = Debug|ARM-Android-NVIDIA
		{26D404C2-FEA8-4A3C-BC9B-86DA067A1391}.Debug|Tegra-Android.ActiveCfg = Debug|Tegra-Android
		{26D404C2-FEA8-4A3C-BC9B-86DA067A1391}.Debug|Tegra-Android.Build.0 = Debug|Tegra-Android
		{26D404C2-FEA8-4A3C-BC9B-86DA067A1391}.Debug|x64.ActiveCfg = Debug|x64
		{26D404C2-FEA8-4A3C-BC9B-86DA067A1391}.Debug|x64.Build.0 = Debug|x64
		{26D404C2-FEA8-4A3C-BC9B-86DA067A1391}.Release|AArch64-Android-NVIDIA.ActiveCfg = Release|AArch64-Android-NVIDIA
		{26D404C2-FEA8-4A3C-BC9B-86DA067A1391}.Release|AArch64-Android-NVIDIA.Build.0 = Release|AArch64-Android-NVIDIA
		{26D404C2-FEA8-4A3C-BC9B-86DA067A1391}.Release|ARM-Android-NVIDIA.ActiveCfg = Release|ARM-Android-NVIDIA
		{26D404C2-FEA8-4A3C-BC9B-86DA067A1391}.Release|ARM-Android-NVIDIA.Build.0 = Release|ARM-Android-NVIDIA
		{26D404C2-FEA8-4A3C-BC9B-86DA067A1391}.Release|Tegra-Android.ActiveCfg = Release|Tegra-Android
		{26D404C2-FEA8-4A3C-BC9B-86DA067A1391}.Release|Tegra-Android.Build.0 = Release|Tegra-Android
		{26D404C2-FEA8-4A3C-BC9B-86DA067A1391}.Release|x64.ActiveCfg = Release|x64
		{26D404C2-FEA8-4A3C-BC9B-86DA067A1391}.Release|x64.Build.0 = Release|x64
		{26D404C2-FEA8-4A3C-BC9B-86DA067A1391}.Shipping|AArch64-Android-NVIDIA.ActiveCfg = Shipping|AArch64-Android-NVIDIA
		{26D404C2-FEA8-4A3C-BC9B-86DA067A1391}.Shipping|AArch64-Android-NVIDIA.Build.0 = Shipping|AArch64-Android-NVIDIA
		{26D404C2-FEA8-4A3C-BC9B-86DA067A1391}.Shipping|ARM-Android-NVIDIA.ActiveCfg = Shipping|ARM-Android-NVIDIA
		{26D404C2-FEA8-4A3C-BC9B-86DA067A1391}.Shipping|ARM-Android-NVIDIA.Build.0 = Shipping|ARM-Android-NVIDIA
		{26D404C2-FEA8-4A3C-BC9B-86DA067A1391}.Shipping|Tegra-Android.ActiveCfg = Shipping|Tegra-Android
		{26D404C2-FEA8-4A3C-BC9B-86DA067A1391}.Shipping|Tegra-Android.Build.0 = Shipping|Tegra-Android
		{26D404C2-FEA8-4A3C-BC9B-86DA067A1391}.Shipping|x64.ActiveCfg = Shipping|Tegra-Android
		{0AEC3B63-B2F9-4A41-811E-3AE8DC18B9E0}.Debug|AArch64-Android-NVIDIA.ActiveCfg = Debug|AArch64-Android-NVIDIA
		{0AEC3B63-B2F9-4A41-811E-3AE8DC18B9E0}.Debug|AArch64-Android-NVIDIA.Build.0 = Debug|AArch64-Android-NVIDIA
		{0AEC3B63-B2F9-4A41-811E-3AE8DC18B9E0}.Debug|ARM-Android-NVIDIA.ActiveCfg = Debug|ARM-Android-NVIDIA
		{0AEC3B63-B2F9-4A41-811E-3AE8DC18B9E0}.Debug|ARM-Android-NVIDIA.Build.0 = Debug|ARM-Android-NVIDIA
		{0AEC3B63-B2F9-4A41-811E-3AE8DC18B9E0}.Debug|Tegra-Android.ActiveCfg = Debug|Tegra-Android
		{0AEC3B63-B2F9-4A41-811E-3AE8DC18B9E0}.Debug|Tegra-Android.Build.0 = Debug|Tegra-Android
		{0AEC3B63-B2F9-4A41-811E-3AE8DC18B9E0}.Debug|x64.ActiveCfg = Debug|x64
		{0AEC3B63-B2F9-4A41-811E-3AE8DC18B9E0}.Debug|x64.Build.0 = Debug|x64
		{0AEC3B63-B2F9-4A41-811E-3AE8DC18B9E0}.Release|AArch64-Android-NVIDIA.ActiveCfg = Release|AArch64-Android-NVIDIA
		{0AEC3B63-B2F9-4A41-811E-3AE8DC18B9E0}.Release|AArch64-Android-NVIDIA.Build.0 = Release|AArch64-Android-NVIDIA
		{0AEC3B63-B2F9-4A41-811E-3AE8DC18B9E0}.Release|ARM-Android-NVIDIA.ActiveCfg = Release|ARM-Android-NVIDIA
		{0AEC3B63-B2F9-4A41-811E-3AE8DC18B9E0}.Release|ARM-Android-NVIDIA.Build.0 = Release|ARM-Android-NVIDIA
		{0AEC3B63-B2F9-4A41-811E-3AE8DC18B9E0}.Release|Tegra-Android.ActiveCfg = Release|Tegra-Android
		{0AEC3B63-B2F9-4A41-811E-3AE8DC18B9E0}.Release|Tegra-Android.Build.0 = Release|Tegra-Android
		{0AEC3B63-B2F9-4A41-811E-3AE8DC18B9E0}.Release|x64.ActiveCfg = Release|x64
		{0AEC3B63-B2F9-4A41-811E-3AE8DC18B9E0}.Release|x64.Build.0 = Release|x64
		{0AEC3B63-B2F9-4A41-811E-3AE8DC18B9E0}.Shipping|AArch64-Android-NVIDIA.ActiveCfg = Shipping|AArch64-Android-NVIDIA
		{0AEC3B63-B2F9-4A41-811E-3AE8DC18B9E0}.Shipping|AArch64-Android-NVIDIA.Build.0 = Shipping|AArch64-Android-NVIDIA
		{0AEC3B63-B2F9-4A41-811E-3AE8DC18B9E0}.Shipping|ARM-Android-NVIDIA.ActiveCfg = Shipping|ARM-Android-NVIDIA
		{0AEC3B63-B2F9-4A41-811E-3AE8DC18B9E0}.Shipping|ARM-Android-NVIDIA.Build.0 = Shipping|ARM-Android-NVIDIA
		{0AEC3B63-B2F9-4A41-811E-3AE8DC18B9E0}.Shipping|Tegra-Android.ActiveCfg = Shipping|Tegra-Android
		{0AEC3B63-B2F9-4A41-811E-3AE8DC18B9E0}.Shipping|Tegra-Android.Build.0 = Shipping|Tegra-Android
		{0AEC3B63-B2F9-4A41-811E-3AE8DC18B9E0}.Shipping|x64.ActiveCfg = Shipping|Tegra-Android
	EndGlobalSection
	GlobalSection(SolutionProperties) = preSolution
		HideSolutionNode = FALSE
	EndGlobalSection
	GlobalSection(NestedProjects) = preSolution
		{${{GUID-AppWinPC:U}}} = {52999F42-8628-4FFD-94C3-4B7AA52BBB74}
		{${{GUID-AppAndroid:U}}} = {52999F42-8628-4FFD-94C3-4B7AA52BBB74}
		{14D6165B-BDEE-4FA2-BB41-80641C0C0688} = {D49824A5-8320-437F-8A9B-7F00E575E497}
		{83135789-AED7-4CC6-8DF8-73614B85C4EE} = {D49824A5-8320-437F-8A9B-7F00E575E497}
		{05F24D5A-715A-473B-BB1B-55AB9F299A42} = {D49824A5-8320-437F-8A9B-7F00E575E497}
		{E40E24D0-0077-413D-86CC-F0D7963FA51E} = {D49824A5-8320-437F-8A9B-7F00E575E497}
		{C9CAAD8B-09B4-4024-98EF-EA37BAD03307} = {14D6165B-BDEE-4FA2-BB41-80641C0C0688}
		{93E56EEB-BE06-4CDE-873B-91FE6D327E7C} = {14D6165B-BDEE-4FA2-BB41-80641C0C0688}
		{4CBA8AD5-4ACB-4F66-A071-54096453FEC8} = {14D6165B-BDEE-4FA2-BB41-80641C0C0688}
		{2226291F-187F-4271-8471-4CD82481388B} = {05F24D5A-715A-473B-BB1B-55AB9F299A42}
		{70175146-5185-4B37-99E8-8911D1D821DC} = {83135789-AED7-4CC6-8DF8-73614B85C4EE}
		{30BC2CC6-4FAA-4B1A-A228-C1AA2864EF13} = {E40E24D0-0077-413D-86CC-F0D7963FA51E}
		{${{GUID-GameProject:U}}} = {F2697F62-9259-40B9-875C-075F20EAD638}
		{557F2323-E052-4A9B-AA66-95840EA11AE6} = {83135789-AED7-4CC6-8DF8-73614B85C4EE}
		{5D9020D2-24C6-49CC-AB3C-81206EC2F179} = {83135789-AED7-4CC6-8DF8-73614B85C4EE}
		{72380FCF-954D-4F2E-A4E3-77ED113BAB66} = {83135789-AED7-4CC6-8DF8-73614B85C4EE}
		{04917B6A-9F26-452A-B131-3147E00641BE} = {83135789-AED7-4CC6-8DF8-73614B85C4EE}
		{EA3E544F-E838-4A0A-8A72-C2BA4DDDC565} = {E40E24D0-0077-413D-86CC-F0D7963FA51E}
		{EB24A7DD-969E-498B-8D9A-F94F81464AE8} = {83135789-AED7-4CC6-8DF8-73614B85C4EE}
		{333E51FD-1B8B-4502-8176-16BD5D3F9B2F} = {83135789-AED7-4CC6-8DF8-73614B85C4EE}
		{9E5C64B3-4B11-4341-BF52-16C8D75AD61E} = {83135789-AED7-4CC6-8DF8-73614B85C4EE}
		{B7253A66-56F6-4FC3-9AE3-35072741F71C} = {83135789-AED7-4CC6-8DF8-73614B85C4EE}
		{26D404C2-FEA8-4A3C-BC9B-86DA067A1391} = {83135789-AED7-4CC6-8DF8-73614B85C4EE}
		{0AEC3B63-B2F9-4A41-811E-3AE8DC18B9E0} = {83135789-AED7-4CC6-8DF8-73614B85C4EE}
	EndGlobalSection
	GlobalSection(ExtensibilityGlobals) = postSolution
		SolutionGuid = {${{GUID-Solution:U}}}
	EndGlobalSection
EndGlobal
