<?xml version="1.0" encoding="utf-8"?>
<Project ToolsVersion="4.0" xmlns="http://schemas.microsoft.com/developer/msbuild/2003">
  <ItemGroup>
    <Filter Include="Sugar">
      <UniqueIdentifier>{30bdf121-c250-4a2c-9b8d-7db29c8d6a04}</UniqueIdentifier>
    </Filter>
    <Filter Include="Math">
      <UniqueIdentifier>{49b39683-d80d-44b2-a66c-51d3b104b49a}</UniqueIdentifier>
    </Filter>
    <Filter Include="Threading">
      <UniqueIdentifier>{de1af4df-1837-42c0-a50e-5866e58c1fcf}</UniqueIdentifier>
    </Filter>
    <Filter Include="Object">
      <UniqueIdentifier>{f9a2274b-fa4e-4c11-9a30-a271152f63cb}</UniqueIdentifier>
    </Filter>
    <Filter Include="Data">
      <UniqueIdentifier>{dd82efc2-308d-4321-900e-0d1ed8de7c96}</UniqueIdentifier>
    </Filter>
    <Filter Include="String">
      <UniqueIdentifier>{b146606d-a9be-4139-8088-f2579b8aa4cc}</UniqueIdentifier>
    </Filter>
    <Filter Include="Encoding">
      <UniqueIdentifier>{84def7f1-db59-40ac-af6c-a1dfdd610a5c}</UniqueIdentifier>
    </Filter>
  </ItemGroup>
  <ItemGroup>
    <ClInclude Include="Sugar\NonCopyable.h">
      <Filter>Sugar</Filter>
    </ClInclude>
    <ClInclude Include="Sugar\SugarHeart.h">
      <Filter>Sugar</Filter>
    </ClInclude>
    <ClInclude Include="Sugar\EnumClass.h">
      <Filter>Sugar</Filter>
    </ClInclude>
    <ClInclude Include="Sugar\SingletonPattern.h">
      <Filter>Sugar</Filter>
    </ClInclude>
    <ClInclude Include="Sugar\Finally.h">
      <Filter>Sugar</Filter>
    </ClInclude>
    <ClInclude Include="Math\Vector.h">
      <Filter>Math</Filter>
    </ClInclude>
    <ClInclude Include="Math\SimpleMath.h">
      <Filter>Math</Filter>
    </ClInclude>
    <ClInclude Include="Math\SimpleGeometry.h">
      <Filter>Math</Filter>
    </ClInclude>
    <ClInclude Include="Sugar\EventNotifier.h">
      <Filter>Sugar</Filter>
    </ClInclude>
    <ClInclude Include="Threading\ManagedThreadPrimitives.h">
      <Filter>Threading</Filter>
    </ClInclude>
    <ClInclude Include="Threading\ThreadSleep.h">
      <Filter>Threading</Filter>
    </ClInclude>
    <ClInclude Include="Math\BasicRect.h">
      <Filter>Math</Filter>
    </ClInclude>
    <ClInclude Include="Object\VerySimpleObjectPool.h">
      <Filter>Object</Filter>
    </ClInclude>
    <ClInclude Include="Object\PointerHolder.h">
      <Filter>Object</Filter>
    </ClInclude>
    <ClInclude Include="Data\BufferReader.h">
      <Filter>Data</Filter>
    </ClInclude>
    <ClInclude Include="Data\MemoryBuffer.h">
      <Filter>Data</Filter>
    </ClInclude>
    <ClInclude Include="String\AsciiStringUtility.h">
      <Filter>String</Filter>
    </ClInclude>
    <ClInclude Include="Math\BitMath.h">
      <Filter>Math</Filter>
    </ClInclude>
    <ClInclude Include="Encoding\Base64.h">
      <Filter>Encoding</Filter>
    </ClInclude>
    <ClInclude Include="Encoding\URLEncoding.h">
      <Filter>Encoding</Filter>
    </ClInclude>
    <ClInclude Include="Encoding\HexString.h">
      <Filter>Encoding</Filter>
    </ClInclude>
    <ClInclude Include="String\IStringBag.h">
      <Filter>String</Filter>
    </ClInclude>
    <ClInclude Include="Math\Easing.h">
      <Filter>Math</Filter>
    </ClInclude>
  </ItemGroup>
  <ItemGroup>
    <ClCompile Include="Threading\ThreadSleep.cpp">
      <Filter>Threading</Filter>
    </ClCompile>
    <ClCompile Include="Threading\ManagedThreadPrimitives.cpp">
      <Filter>Threading</Filter>
    </ClCompile>
    <ClCompile Include="Threading\ThreadSleep_Android.cpp">
      <Filter>Threading</Filter>
    </ClCompile>
    <ClCompile Include="Threading\ThreadSleep_WinPC.cpp">
      <Filter>Threading</Filter>
    </ClCompile>
    <ClCompile Include="Object\PointerHolder.cpp">
      <Filter>Object</Filter>
    </ClCompile>
    <ClCompile Include="Data\BufferReader.cpp">
      <Filter>Data</Filter>
    </ClCompile>
    <ClCompile Include="Data\MemoryBuffer.cpp">
      <Filter>Data</Filter>
    </ClCompile>
    <ClCompile Include="String\AsciiStringUtility.cpp">
      <Filter>String</Filter>
    </ClCompile>
    <ClCompile Include="Encoding\Base64.cpp">
      <Filter>Encoding</Filter>
    </ClCompile>
    <ClCompile Include="Encoding\URLEncoding.cpp">
      <Filter>Encoding</Filter>
    </ClCompile>
    <ClCompile Include="Encoding\HexString.cpp">
      <Filter>Encoding</Filter>
    </ClCompile>
    <ClCompile Include="Math\Easing.cpp">
      <Filter>Math</Filter>
    </ClCompile>
  </ItemGroup>
</Project>