// !$*UTF8*$!
{
	archiveVersion = 1;
	classes = {
	};
	objectVersion = 50;
	objects = {

/* Begin PBXBuildFile section */
		16F269E025E6AE2500C1530C /* FontModuleInterface.cpp in Sources */ = {isa = PBXBuildFile; fileRef = 16F269DD25E6AE2500C1530C /* FontModuleInterface.cpp */; };
		16F269E125E6AE2500C1530C /* GlyphManagerComponent.cpp in Sources */ = {isa = PBXBuildFile; fileRef = 16F269DE25E6AE2500C1530C /* GlyphManagerComponent.cpp */; };
		16F269E925E6AE5000C1530C /* _FontInternalUtility.cpp in Sources */ = {isa = PBXBuildFile; fileRef = 16F269E725E6AE5000C1530C /* _FontInternalUtility.cpp */; };
		16F269F225E6AE6E00C1530C /* IFontFace.cpp in Sources */ = {isa = PBXBuildFile; fileRef = 16F269EB25E6AE6D00C1530C /* IFontFace.cpp */; };
		16F269F325E6AE6E00C1530C /* MultiPageFontSetting.cpp in Sources */ = {isa = PBXBuildFile; fileRef = 16F269F025E6AE6D00C1530C /* MultiPageFontSetting.cpp */; };
		16F269F825E6AE7E00C1530C /* Typeset.cpp in Sources */ = {isa = PBXBuildFile; fileRef = 16F269F625E6AE7D00C1530C /* Typeset.cpp */; };
		16F26A0525E6AEA700C1530C /* IFontSet.cpp in Sources */ = {isa = PBXBuildFile; fileRef = 16F269FF25E6AEA600C1530C /* IFontSet.cpp */; };
		16F26A0625E6AEA700C1530C /* PriorityFontSet.cpp in Sources */ = {isa = PBXBuildFile; fileRef = 16F26A0125E6AEA600C1530C /* PriorityFontSet.cpp */; };
		16F26A0725E6AEA700C1530C /* StyledFontSet.cpp in Sources */ = {isa = PBXBuildFile; fileRef = 16F26A0225E6AEA600C1530C /* StyledFontSet.cpp */; };
		16F26A0825E6AEA700C1530C /* SingleFontSet.cpp in Sources */ = {isa = PBXBuildFile; fileRef = 16F26A0425E6AEA700C1530C /* SingleFontSet.cpp */; };
		16F26A1025E6AEB600C1530C /* CachedGlyph.cpp in Sources */ = {isa = PBXBuildFile; fileRef = 16F26A0A25E6AEB600C1530C /* CachedGlyph.cpp */; };
		16F26A1125E6AEB600C1530C /* GlyphCache.cpp in Sources */ = {isa = PBXBuildFile; fileRef = 16F26A0D25E6AEB600C1530C /* GlyphCache.cpp */; };
		16F26A1225E6AEB700C1530C /* GlyphSearchCache.cpp in Sources */ = {isa = PBXBuildFile; fileRef = 16F26A0F25E6AEB600C1530C /* GlyphSearchCache.cpp */; };
		16F26A1A25E6AECC00C1530C /* FreeTypeNormalGlyphDrawer.cpp in Sources */ = {isa = PBXBuildFile; fileRef = 16F26A1425E6AECB00C1530C /* FreeTypeNormalGlyphDrawer.cpp */; };
		16F26A1B25E6AECC00C1530C /* FreeTypeFontFace.cpp in Sources */ = {isa = PBXBuildFile; fileRef = 16F26A1625E6AECB00C1530C /* FreeTypeFontFace.cpp */; };
		16F26A1C25E6AECC00C1530C /* FreeTypeFontCommon.cpp in Sources */ = {isa = PBXBuildFile; fileRef = 16F26A1725E6AECB00C1530C /* FreeTypeFontCommon.cpp */; };
/* End PBXBuildFile section */

/* Begin PBXCopyFilesBuildPhase section */
		1673E57E25B7112D0018667D /* CopyFiles */ = {
			isa = PBXCopyFilesBuildPhase;
			buildActionMask = 2147483647;
			dstPath = "include/$(PRODUCT_NAME)";
			dstSubfolderSpec = 16;
			files = (
			);
			runOnlyForDeploymentPostprocessing = 0;
		};
/* End PBXCopyFilesBuildPhase section */

/* Begin PBXFileReference section */
		1673E58025B7112D0018667D /* libLMFont.a */ = {isa = PBXFileReference; explicitFileType = archive.ar; includeInIndex = 0; path = libLMFont.a; sourceTree = BUILT_PRODUCTS_DIR; };
		16F269DC25E6AE2500C1530C /* FontModuleInterface.h */ = {isa = PBXFileReference; fileEncoding = 4; lastKnownFileType = sourcecode.c.h; path = FontModuleInterface.h; sourceTree = "<group>"; };
		16F269DD25E6AE2500C1530C /* FontModuleInterface.cpp */ = {isa = PBXFileReference; fileEncoding = 4; lastKnownFileType = sourcecode.cpp.cpp; path = FontModuleInterface.cpp; sourceTree = "<group>"; };
		16F269DE25E6AE2500C1530C /* GlyphManagerComponent.cpp */ = {isa = PBXFileReference; fileEncoding = 4; lastKnownFileType = sourcecode.cpp.cpp; path = GlyphManagerComponent.cpp; sourceTree = "<group>"; };
		16F269DF25E6AE2500C1530C /* GlyphManagerComponent.h */ = {isa = PBXFileReference; fileEncoding = 4; lastKnownFileType = sourcecode.c.h; path = GlyphManagerComponent.h; sourceTree = "<group>"; };
		16F269E725E6AE5000C1530C /* _FontInternalUtility.cpp */ = {isa = PBXFileReference; fileEncoding = 4; lastKnownFileType = sourcecode.cpp.cpp; name = _FontInternalUtility.cpp; path = _Internal/_FontInternalUtility.cpp; sourceTree = "<group>"; };
		16F269E825E6AE5000C1530C /* _FontInternalUtility.h */ = {isa = PBXFileReference; fileEncoding = 4; lastKnownFileType = sourcecode.c.h; name = _FontInternalUtility.h; path = _Internal/_FontInternalUtility.h; sourceTree = "<group>"; };
		16F269EB25E6AE6D00C1530C /* IFontFace.cpp */ = {isa = PBXFileReference; fileEncoding = 4; lastKnownFileType = sourcecode.cpp.cpp; name = IFontFace.cpp; path = Common/IFontFace.cpp; sourceTree = "<group>"; };
		16F269EC25E6AE6D00C1530C /* IGlyphDrawer.h */ = {isa = PBXFileReference; fileEncoding = 4; lastKnownFileType = sourcecode.c.h; name = IGlyphDrawer.h; path = Common/IGlyphDrawer.h; sourceTree = "<group>"; };
		16F269ED25E6AE6D00C1530C /* FontBackend.h */ = {isa = PBXFileReference; fileEncoding = 4; lastKnownFileType = sourcecode.c.h; name = FontBackend.h; path = Common/FontBackend.h; sourceTree = "<group>"; };
		16F269EE25E6AE6D00C1530C /* FontTypes.h */ = {isa = PBXFileReference; fileEncoding = 4; lastKnownFileType = sourcecode.c.h; name = FontTypes.h; path = Common/FontTypes.h; sourceTree = "<group>"; };
		16F269EF25E6AE6D00C1530C /* IFontFace.h */ = {isa = PBXFileReference; fileEncoding = 4; lastKnownFileType = sourcecode.c.h; name = IFontFace.h; path = Common/IFontFace.h; sourceTree = "<group>"; };
		16F269F025E6AE6D00C1530C /* MultiPageFontSetting.cpp */ = {isa = PBXFileReference; fileEncoding = 4; lastKnownFileType = sourcecode.cpp.cpp; name = MultiPageFontSetting.cpp; path = Common/MultiPageFontSetting.cpp; sourceTree = "<group>"; };
		16F269F125E6AE6E00C1530C /* MultiPageFontSetting.h */ = {isa = PBXFileReference; fileEncoding = 4; lastKnownFileType = sourcecode.c.h; name = MultiPageFontSetting.h; path = Common/MultiPageFontSetting.h; sourceTree = "<group>"; };
		16F269F525E6AE7D00C1530C /* Typesetting.h */ = {isa = PBXFileReference; fileEncoding = 4; lastKnownFileType = sourcecode.c.h; name = Typesetting.h; path = Common/Typesetting.h; sourceTree = "<group>"; };
		16F269F625E6AE7D00C1530C /* Typeset.cpp */ = {isa = PBXFileReference; fileEncoding = 4; lastKnownFileType = sourcecode.cpp.cpp; name = Typeset.cpp; path = Common/Typeset.cpp; sourceTree = "<group>"; };
		16F269F725E6AE7E00C1530C /* Typeset.h */ = {isa = PBXFileReference; fileEncoding = 4; lastKnownFileType = sourcecode.c.h; name = Typeset.h; path = Common/Typeset.h; sourceTree = "<group>"; };
		16F269FD25E6AEA600C1530C /* SingleFontSet.h */ = {isa = PBXFileReference; fileEncoding = 4; lastKnownFileType = sourcecode.c.h; name = SingleFontSet.h; path = Common/SingleFontSet.h; sourceTree = "<group>"; };
		16F269FE25E6AEA600C1530C /* StyledFontSet.h */ = {isa = PBXFileReference; fileEncoding = 4; lastKnownFileType = sourcecode.c.h; name = StyledFontSet.h; path = Common/StyledFontSet.h; sourceTree = "<group>"; };
		16F269FF25E6AEA600C1530C /* IFontSet.cpp */ = {isa = PBXFileReference; fileEncoding = 4; lastKnownFileType = sourcecode.cpp.cpp; name = IFontSet.cpp; path = Common/IFontSet.cpp; sourceTree = "<group>"; };
		16F26A0025E6AEA600C1530C /* PriorityFontSet.h */ = {isa = PBXFileReference; fileEncoding = 4; lastKnownFileType = sourcecode.c.h; name = PriorityFontSet.h; path = Common/PriorityFontSet.h; sourceTree = "<group>"; };
		16F26A0125E6AEA600C1530C /* PriorityFontSet.cpp */ = {isa = PBXFileReference; fileEncoding = 4; lastKnownFileType = sourcecode.cpp.cpp; name = PriorityFontSet.cpp; path = Common/PriorityFontSet.cpp; sourceTree = "<group>"; };
		16F26A0225E6AEA600C1530C /* StyledFontSet.cpp */ = {isa = PBXFileReference; fileEncoding = 4; lastKnownFileType = sourcecode.cpp.cpp; name = StyledFontSet.cpp; path = Common/StyledFontSet.cpp; sourceTree = "<group>"; };
		16F26A0325E6AEA600C1530C /* IFontSet.h */ = {isa = PBXFileReference; fileEncoding = 4; lastKnownFileType = sourcecode.c.h; name = IFontSet.h; path = Common/IFontSet.h; sourceTree = "<group>"; };
		16F26A0425E6AEA700C1530C /* SingleFontSet.cpp */ = {isa = PBXFileReference; fileEncoding = 4; lastKnownFileType = sourcecode.cpp.cpp; name = SingleFontSet.cpp; path = Common/SingleFontSet.cpp; sourceTree = "<group>"; };
		16F26A0A25E6AEB600C1530C /* CachedGlyph.cpp */ = {isa = PBXFileReference; fileEncoding = 4; lastKnownFileType = sourcecode.cpp.cpp; name = CachedGlyph.cpp; path = Common/CachedGlyph.cpp; sourceTree = "<group>"; };
		16F26A0B25E6AEB600C1530C /* CachedGlyph.h */ = {isa = PBXFileReference; fileEncoding = 4; lastKnownFileType = sourcecode.c.h; name = CachedGlyph.h; path = Common/CachedGlyph.h; sourceTree = "<group>"; };
		16F26A0C25E6AEB600C1530C /* GlyphSearchCache.h */ = {isa = PBXFileReference; fileEncoding = 4; lastKnownFileType = sourcecode.c.h; name = GlyphSearchCache.h; path = Common/GlyphSearchCache.h; sourceTree = "<group>"; };
		16F26A0D25E6AEB600C1530C /* GlyphCache.cpp */ = {isa = PBXFileReference; fileEncoding = 4; lastKnownFileType = sourcecode.cpp.cpp; name = GlyphCache.cpp; path = Common/GlyphCache.cpp; sourceTree = "<group>"; };
		16F26A0E25E6AEB600C1530C /* GlyphCache.h */ = {isa = PBXFileReference; fileEncoding = 4; lastKnownFileType = sourcecode.c.h; name = GlyphCache.h; path = Common/GlyphCache.h; sourceTree = "<group>"; };
		16F26A0F25E6AEB600C1530C /* GlyphSearchCache.cpp */ = {isa = PBXFileReference; fileEncoding = 4; lastKnownFileType = sourcecode.cpp.cpp; name = GlyphSearchCache.cpp; path = Common/GlyphSearchCache.cpp; sourceTree = "<group>"; };
		16F26A1425E6AECB00C1530C /* FreeTypeNormalGlyphDrawer.cpp */ = {isa = PBXFileReference; fileEncoding = 4; lastKnownFileType = sourcecode.cpp.cpp; name = FreeTypeNormalGlyphDrawer.cpp; path = FreeType/FreeTypeNormalGlyphDrawer.cpp; sourceTree = "<group>"; };
		16F26A1525E6AECB00C1530C /* FreeTypeFontCommon.h */ = {isa = PBXFileReference; fileEncoding = 4; lastKnownFileType = sourcecode.c.h; name = FreeTypeFontCommon.h; path = FreeType/FreeTypeFontCommon.h; sourceTree = "<group>"; };
		16F26A1625E6AECB00C1530C /* FreeTypeFontFace.cpp */ = {isa = PBXFileReference; fileEncoding = 4; lastKnownFileType = sourcecode.cpp.cpp; name = FreeTypeFontFace.cpp; path = FreeType/FreeTypeFontFace.cpp; sourceTree = "<group>"; };
		16F26A1725E6AECB00C1530C /* FreeTypeFontCommon.cpp */ = {isa = PBXFileReference; fileEncoding = 4; lastKnownFileType = sourcecode.cpp.cpp; name = FreeTypeFontCommon.cpp; path = FreeType/FreeTypeFontCommon.cpp; sourceTree = "<group>"; };
		16F26A1825E6AECC00C1530C /* FreeTypeNormalGlyphDrawer.h */ = {isa = PBXFileReference; fileEncoding = 4; lastKnownFileType = sourcecode.c.h; name = FreeTypeNormalGlyphDrawer.h; path = FreeType/FreeTypeNormalGlyphDrawer.h; sourceTree = "<group>"; };
		16F26A1925E6AECC00C1530C /* FreeTypeFontFace.h */ = {isa = PBXFileReference; fileEncoding = 4; lastKnownFileType = sourcecode.c.h; name = FreeTypeFontFace.h; path = FreeType/FreeTypeFontFace.h; sourceTree = "<group>"; };
/* End PBXFileReference section */

/* Begin PBXFrameworksBuildPhase section */
		1673E57D25B7112D0018667D /* Frameworks */ = {
			isa = PBXFrameworksBuildPhase;
			buildActionMask = 2147483647;
			files = (
			);
			runOnlyForDeploymentPostprocessing = 0;
		};
/* End PBXFrameworksBuildPhase section */

/* Begin PBXGroup section */
		1673E57725B7112D0018667D = {
			isa = PBXGroup;
			children = (
				16F269E625E6AE4200C1530C /* _Internal */,
				16F269E425E6AE2E00C1530C /* Common */,
				16F269E325E6AE2A00C1530C /* FreeType */,
				16F269DD25E6AE2500C1530C /* FontModuleInterface.cpp */,
				16F269DC25E6AE2500C1530C /* FontModuleInterface.h */,
				16F269DE25E6AE2500C1530C /* GlyphManagerComponent.cpp */,
				16F269DF25E6AE2500C1530C /* GlyphManagerComponent.h */,
				1673E58125B7112D0018667D /* Products */,
			);
			sourceTree = "<group>";
		};
		1673E58125B7112D0018667D /* Products */ = {
			isa = PBXGroup;
			children = (
				1673E58025B7112D0018667D /* libLMFont.a */,
			);
			name = Products;
			sourceTree = "<group>";
		};
		16F269E325E6AE2A00C1530C /* FreeType */ = {
			isa = PBXGroup;
			children = (
				16F26A1725E6AECB00C1530C /* FreeTypeFontCommon.cpp */,
				16F26A1525E6AECB00C1530C /* FreeTypeFontCommon.h */,
				16F26A1625E6AECB00C1530C /* FreeTypeFontFace.cpp */,
				16F26A1925E6AECC00C1530C /* FreeTypeFontFace.h */,
				16F26A1425E6AECB00C1530C /* FreeTypeNormalGlyphDrawer.cpp */,
				16F26A1825E6AECC00C1530C /* FreeTypeNormalGlyphDrawer.h */,
			);
			name = FreeType;
			sourceTree = "<group>";
		};
		16F269E425E6AE2E00C1530C /* Common */ = {
			isa = PBXGroup;
			children = (
				16F269FC25E6AE8C00C1530C /* FontSet */,
				16F269FB25E6AE8400C1530C /* GlyphCache */,
				16F269E525E6AE3500C1530C /* Typeset */,
				16F269ED25E6AE6D00C1530C /* FontBackend.h */,
				16F269EE25E6AE6D00C1530C /* FontTypes.h */,
				16F269EB25E6AE6D00C1530C /* IFontFace.cpp */,
				16F269EF25E6AE6D00C1530C /* IFontFace.h */,
				16F269EC25E6AE6D00C1530C /* IGlyphDrawer.h */,
				16F269F025E6AE6D00C1530C /* MultiPageFontSetting.cpp */,
				16F269F125E6AE6E00C1530C /* MultiPageFontSetting.h */,
			);
			name = Common;
			sourceTree = "<group>";
		};
		16F269E525E6AE3500C1530C /* Typeset */ = {
			isa = PBXGroup;
			children = (
				16F269F625E6AE7D00C1530C /* Typeset.cpp */,
				16F269F725E6AE7E00C1530C /* Typeset.h */,
				16F269F525E6AE7D00C1530C /* Typesetting.h */,
			);
			name = Typeset;
			sourceTree = "<group>";
		};
		16F269E625E6AE4200C1530C /* _Internal */ = {
			isa = PBXGroup;
			children = (
				16F269E725E6AE5000C1530C /* _FontInternalUtility.cpp */,
				16F269E825E6AE5000C1530C /* _FontInternalUtility.h */,
			);
			name = _Internal;
			sourceTree = "<group>";
		};
		16F269FB25E6AE8400C1530C /* GlyphCache */ = {
			isa = PBXGroup;
			children = (
				16F26A0A25E6AEB600C1530C /* CachedGlyph.cpp */,
				16F26A0B25E6AEB600C1530C /* CachedGlyph.h */,
				16F26A0D25E6AEB600C1530C /* GlyphCache.cpp */,
				16F26A0E25E6AEB600C1530C /* GlyphCache.h */,
				16F26A0F25E6AEB600C1530C /* GlyphSearchCache.cpp */,
				16F26A0C25E6AEB600C1530C /* GlyphSearchCache.h */,
			);
			name = GlyphCache;
			sourceTree = "<group>";
		};
		16F269FC25E6AE8C00C1530C /* FontSet */ = {
			isa = PBXGroup;
			children = (
				16F269FF25E6AEA600C1530C /* IFontSet.cpp */,
				16F26A0325E6AEA600C1530C /* IFontSet.h */,
				16F26A0125E6AEA600C1530C /* PriorityFontSet.cpp */,
				16F26A0025E6AEA600C1530C /* PriorityFontSet.h */,
				16F26A0425E6AEA700C1530C /* SingleFontSet.cpp */,
				16F269FD25E6AEA600C1530C /* SingleFontSet.h */,
				16F26A0225E6AEA600C1530C /* StyledFontSet.cpp */,
				16F269FE25E6AEA600C1530C /* StyledFontSet.h */,
			);
			name = FontSet;
			sourceTree = "<group>";
		};
/* End PBXGroup section */

/* Begin PBXNativeTarget section */
		1673E57F25B7112D0018667D /* LMFont */ = {
			isa = PBXNativeTarget;
			buildConfigurationList = 1673E58925B7112D0018667D /* Build configuration list for PBXNativeTarget "LMFont" */;
			buildPhases = (
				1673E57C25B7112D0018667D /* Sources */,
				1673E57D25B7112D0018667D /* Frameworks */,
				1673E57E25B7112D0018667D /* CopyFiles */,
			);
			buildRules = (
			);
			dependencies = (
			);
			name = LMFont;
			productName = Basic;
			productReference = 1673E58025B7112D0018667D /* libLMFont.a */;
			productType = "com.apple.product-type.library.static";
		};
/* End PBXNativeTarget section */

/* Begin PBXProject section */
		1673E57825B7112D0018667D /* Project object */ = {
			isa = PBXProject;
			attributes = {
				LastUpgradeCheck = 1230;
				TargetAttributes = {
					1673E57F25B7112D0018667D = {
						CreatedOnToolsVersion = 12.3;
					};
				};
			};
			buildConfigurationList = 1673E57B25B7112D0018667D /* Build configuration list for PBXProject "Font" */;
			compatibilityVersion = "Xcode 9.3";
			developmentRegion = en;
			hasScannedForEncodings = 0;
			knownRegions = (
				en,
				Base,
			);
			mainGroup = 1673E57725B7112D0018667D;
			productRefGroup = 1673E58125B7112D0018667D /* Products */;
			projectDirPath = "";
			projectRoot = "";
			targets = (
				1673E57F25B7112D0018667D /* LMFont */,
			);
		};
/* End PBXProject section */

/* Begin PBXSourcesBuildPhase section */
		1673E57C25B7112D0018667D /* Sources */ = {
			isa = PBXSourcesBuildPhase;
			buildActionMask = 2147483647;
			files = (
				16F26A1025E6AEB600C1530C /* CachedGlyph.cpp in Sources */,
				16F26A1225E6AEB700C1530C /* GlyphSearchCache.cpp in Sources */,
				16F26A1A25E6AECC00C1530C /* FreeTypeNormalGlyphDrawer.cpp in Sources */,
				16F269F825E6AE7E00C1530C /* Typeset.cpp in Sources */,
				16F26A0625E6AEA700C1530C /* PriorityFontSet.cpp in Sources */,
				16F26A1B25E6AECC00C1530C /* FreeTypeFontFace.cpp in Sources */,
				16F269E125E6AE2500C1530C /* GlyphManagerComponent.cpp in Sources */,
				16F26A0525E6AEA700C1530C /* IFontSet.cpp in Sources */,
				16F26A0725E6AEA700C1530C /* StyledFontSet.cpp in Sources */,
				16F269F225E6AE6E00C1530C /* IFontFace.cpp in Sources */,
				16F269E025E6AE2500C1530C /* FontModuleInterface.cpp in Sources */,
				16F26A1C25E6AECC00C1530C /* FreeTypeFontCommon.cpp in Sources */,
				16F269E925E6AE5000C1530C /* _FontInternalUtility.cpp in Sources */,
				16F269F325E6AE6E00C1530C /* MultiPageFontSetting.cpp in Sources */,
				16F26A0825E6AEA700C1530C /* SingleFontSet.cpp in Sources */,
				16F26A1125E6AEB600C1530C /* GlyphCache.cpp in Sources */,
			);
			runOnlyForDeploymentPostprocessing = 0;
		};
/* End PBXSourcesBuildPhase section */

/* Begin XCBuildConfiguration section */
		1673E58725B7112D0018667D /* Debug */ = {
			isa = XCBuildConfiguration;
			buildSettings = {
				ALWAYS_SEARCH_USER_PATHS = NO;
				CLANG_ANALYZER_NONNULL = YES;
				CLANG_ANALYZER_NUMBER_OBJECT_CONVERSION = YES_AGGRESSIVE;
				CLANG_CXX_LANGUAGE_STANDARD = "c++17";
				CLANG_CXX_LIBRARY = "libc++";
				CLANG_ENABLE_MODULES = YES;
				CLANG_ENABLE_OBJC_ARC = YES;
				CLANG_ENABLE_OBJC_WEAK = YES;
				CLANG_WARN_BLOCK_CAPTURE_AUTORELEASING = YES;
				CLANG_WARN_BOOL_CONVERSION = YES;
				CLANG_WARN_COMMA = YES;
				CLANG_WARN_CONSTANT_CONVERSION = YES;
				CLANG_WARN_DEPRECATED_OBJC_IMPLEMENTATIONS = YES;
				CLANG_WARN_DIRECT_OBJC_ISA_USAGE = YES_ERROR;
				CLANG_WARN_DOCUMENTATION_COMMENTS = YES;
				CLANG_WARN_EMPTY_BODY = YES;
				CLANG_WARN_ENUM_CONVERSION = YES;
				CLANG_WARN_INFINITE_RECURSION = YES;
				CLANG_WARN_INT_CONVERSION = YES;
				CLANG_WARN_NON_LITERAL_NULL_CONVERSION = YES;
				CLANG_WARN_OBJC_IMPLICIT_RETAIN_SELF = YES;
				CLANG_WARN_OBJC_LITERAL_CONVERSION = YES;
				CLANG_WARN_OBJC_ROOT_CLASS = YES_ERROR;
				CLANG_WARN_QUOTED_INCLUDE_IN_FRAMEWORK_HEADER = YES;
				CLANG_WARN_RANGE_LOOP_ANALYSIS = YES;
				CLANG_WARN_STRICT_PROTOTYPES = YES;
				CLANG_WARN_SUSPICIOUS_MOVE = YES;
				CLANG_WARN_UNGUARDED_AVAILABILITY = YES_AGGRESSIVE;
				CLANG_WARN_UNREACHABLE_CODE = YES;
				CLANG_WARN__DUPLICATE_METHOD_MATCH = YES;
				COPY_PHASE_STRIP = NO;
				DEBUG_INFORMATION_FORMAT = dwarf;
				ENABLE_STRICT_OBJC_MSGSEND = YES;
				ENABLE_TESTABILITY = YES;
				FRAMEWORK_SEARCH_PATHS = ../../Libraries/Dependent/iOS/Frameworks;
				GCC_C_LANGUAGE_STANDARD = c11;
				GCC_DYNAMIC_NO_PIC = NO;
				GCC_NO_COMMON_BLOCKS = YES;
				GCC_OPTIMIZATION_LEVEL = 0;
				GCC_PREPROCESSOR_DEFINITIONS = (
					"DEBUG=1",
					"$(inherited)",
				);
				GCC_WARN_64_TO_32_BIT_CONVERSION = YES;
				GCC_WARN_ABOUT_RETURN_TYPE = YES_ERROR;
				GCC_WARN_UNDECLARED_SELECTOR = YES;
				GCC_WARN_UNINITIALIZED_AUTOS = YES_AGGRESSIVE;
				GCC_WARN_UNUSED_FUNCTION = YES;
				GCC_WARN_UNUSED_VARIABLE = YES;
				HEADER_SEARCH_PATHS = (
					../../Libraries/LeggieroLib,
					"../../Libraries/Dependent/iOS/libjpeg-turbo/include",
					../../Libraries/Dependent/iOS/FreeType/include,
					../../Libraries/Dependent/iOS/oggvorbis/include,
					../../Libraries/Dependent/iOS/cryptopp/include,
					../../Libraries/Dependent/iOS/OpenSSL/include,
					../../Libraries/Dependent/iOS/libpng/include,
					../../Common,
					../../Platform/Platform.iOS,
					..,
				);
				IPHONEOS_DEPLOYMENT_TARGET = 12.3;
				MTL_ENABLE_DEBUG_INFO = INCLUDE_SOURCE;
				MTL_FAST_MATH = YES;
				ONLY_ACTIVE_ARCH = YES;
				SDKROOT = iphoneos;
			};
			name = Debug;
		};
		1673E58825B7112D0018667D /* Release */ = {
			isa = XCBuildConfiguration;
			buildSettings = {
				ALWAYS_SEARCH_USER_PATHS = NO;
				CLANG_ANALYZER_NONNULL = YES;
				CLANG_ANALYZER_NUMBER_OBJECT_CONVERSION = YES_AGGRESSIVE;
				CLANG_CXX_LANGUAGE_STANDARD = "c++17";
				CLANG_CXX_LIBRARY = "libc++";
				CLANG_ENABLE_MODULES = YES;
				CLANG_ENABLE_OBJC_ARC = YES;
				CLANG_ENABLE_OBJC_WEAK = YES;
				CLANG_WARN_BLOCK_CAPTURE_AUTORELEASING = YES;
				CLANG_WARN_BOOL_CONVERSION = YES;
				CLANG_WARN_COMMA = YES;
				CLANG_WARN_CONSTANT_CONVERSION = YES;
				CLANG_WARN_DEPRECATED_OBJC_IMPLEMENTATIONS = YES;
				CLANG_WARN_DIRECT_OBJC_ISA_USAGE = YES_ERROR;
				CLANG_WARN_DOCUMENTATION_COMMENTS = YES;
				CLANG_WARN_EMPTY_BODY = YES;
				CLANG_WARN_ENUM_CONVERSION = YES;
				CLANG_WARN_INFINITE_RECURSION = YES;
				CLANG_WARN_INT_CONVERSION = YES;
				CLANG_WARN_NON_LITERAL_NULL_CONVERSION = YES;
				CLANG_WARN_OBJC_IMPLICIT_RETAIN_SELF = YES;
				CLANG_WARN_OBJC_LITERAL_CONVERSION = YES;
				CLANG_WARN_OBJC_ROOT_CLASS = YES_ERROR;
				CLANG_WARN_QUOTED_INCLUDE_IN_FRAMEWORK_HEADER = YES;
				CLANG_WARN_RANGE_LOOP_ANALYSIS = YES;
				CLANG_WARN_STRICT_PROTOTYPES = YES;
				CLANG_WARN_SUSPICIOUS_MOVE = YES;
				CLANG_WARN_UNGUARDED_AVAILABILITY = YES_AGGRESSIVE;
				CLANG_WARN_UNREACHABLE_CODE = YES;
				CLANG_WARN__DUPLICATE_METHOD_MATCH = YES;
				COPY_PHASE_STRIP = NO;
				DEBUG_INFORMATION_FORMAT = "dwarf-with-dsym";
				ENABLE_NS_ASSERTIONS = NO;
				ENABLE_STRICT_OBJC_MSGSEND = YES;
				FRAMEWORK_SEARCH_PATHS = ../../Libraries/Dependent/iOS/Frameworks;
				GCC_C_LANGUAGE_STANDARD = c11;
				GCC_NO_COMMON_BLOCKS = YES;
				GCC_PREPROCESSOR_DEFINITIONS = (
					"NDEBUG=1",
					"$(inherited)",
				);
				GCC_WARN_64_TO_32_BIT_CONVERSION = YES;
				GCC_WARN_ABOUT_RETURN_TYPE = YES_ERROR;
				GCC_WARN_UNDECLARED_SELECTOR = YES;
				GCC_WARN_UNINITIALIZED_AUTOS = YES_AGGRESSIVE;
				GCC_WARN_UNUSED_FUNCTION = YES;
				GCC_WARN_UNUSED_VARIABLE = YES;
				HEADER_SEARCH_PATHS = (
					../../Libraries/LeggieroLib,
					"../../Libraries/Dependent/iOS/libjpeg-turbo/include",
					../../Libraries/Dependent/iOS/FreeType/include,
					../../Libraries/Dependent/iOS/oggvorbis/include,
					../../Libraries/Dependent/iOS/cryptopp/include,
					../../Libraries/Dependent/iOS/OpenSSL/include,
					../../Libraries/Dependent/iOS/libpng/include,
					../../Common,
					../../Platform/Platform.iOS,
					..,
				);
				IPHONEOS_DEPLOYMENT_TARGET = 12.3;
				MTL_ENABLE_DEBUG_INFO = NO;
				MTL_FAST_MATH = YES;
				SDKROOT = iphoneos;
				VALIDATE_PRODUCT = YES;
			};
			name = Release;
		};
		1673E58A25B7112D0018667D /* Debug */ = {
			isa = XCBuildConfiguration;
			buildSettings = {
				CODE_SIGN_STYLE = Automatic;
				OTHER_LDFLAGS = "-ObjC";
				PRODUCT_NAME = "$(TARGET_NAME)";
				SKIP_INSTALL = YES;
				TARGETED_DEVICE_FAMILY = "1,2";
			};
			name = Debug;
		};
		1673E58B25B7112D0018667D /* Release */ = {
			isa = XCBuildConfiguration;
			buildSettings = {
				CODE_SIGN_STYLE = Automatic;
				OTHER_LDFLAGS = "-ObjC";
				PRODUCT_NAME = "$(TARGET_NAME)";
				SKIP_INSTALL = YES;
				TARGETED_DEVICE_FAMILY = "1,2";
			};
			name = Release;
		};
/* End XCBuildConfiguration section */

/* Begin XCConfigurationList section */
		1673E57B25B7112D0018667D /* Build configuration list for PBXProject "Font" */ = {
			isa = XCConfigurationList;
			buildConfigurations = (
				1673E58725B7112D0018667D /* Debug */,
				1673E58825B7112D0018667D /* Release */,
			);
			defaultConfigurationIsVisible = 0;
			defaultConfigurationName = Release;
		};
		1673E58925B7112D0018667D /* Build configuration list for PBXNativeTarget "LMFont" */ = {
			isa = XCConfigurationList;
			buildConfigurations = (
				1673E58A25B7112D0018667D /* Debug */,
				1673E58B25B7112D0018667D /* Release */,
			);
			defaultConfigurationIsVisible = 0;
			defaultConfigurationName = Release;
		};
/* End XCConfigurationList section */
	};
	rootObject = 1673E57825B7112D0018667D /* Project object */;
}
